// !$*UTF8*$!
{
	archiveVersion = 1;
	classes = {
	};
	objectVersion = 48;
	objects = {

/* Begin PBXBuildFile section */
		5047DF65205A306C0019ADFD /* AppDelegate.swift in Sources */ = {isa = PBXBuildFile; fileRef = 5047DF64205A306C0019ADFD /* AppDelegate.swift */; };
		5047DF67205A306C0019ADFD /* ViewController.swift in Sources */ = {isa = PBXBuildFile; fileRef = 5047DF66205A306C0019ADFD /* ViewController.swift */; };
		5047DF6A205A306C0019ADFD /* Main.storyboard in Resources */ = {isa = PBXBuildFile; fileRef = 5047DF68205A306C0019ADFD /* Main.storyboard */; };
		5047DF6C205A306D0019ADFD /* Assets.xcassets in Resources */ = {isa = PBXBuildFile; fileRef = 5047DF6B205A306D0019ADFD /* Assets.xcassets */; };
		5047DF6F205A306D0019ADFD /* LaunchScreen.storyboard in Resources */ = {isa = PBXBuildFile; fileRef = 5047DF6D205A306D0019ADFD /* LaunchScreen.storyboard */; };
		5047DF7A205A306D0019ADFD /* MachineTestTests.swift in Sources */ = {isa = PBXBuildFile; fileRef = 5047DF79205A306D0019ADFD /* MachineTestTests.swift */; };
		5047DF85205A306D0019ADFD /* MachineTestUITests.swift in Sources */ = {isa = PBXBuildFile; fileRef = 5047DF84205A306D0019ADFD /* MachineTestUITests.swift */; };
		5047DF93205A33000019ADFD /* CreateAccVc.swift in Sources */ = {isa = PBXBuildFile; fileRef = 5047DF92205A33000019ADFD /* CreateAccVc.swift */; };
		5047DF95205A40FB0019ADFD /* ForgotViewController.swift in Sources */ = {isa = PBXBuildFile; fileRef = 5047DF94205A40FB0019ADFD /* ForgotViewController.swift */; };
		5047DF97205A41F30019ADFD /* FourthViewController.swift in Sources */ = {isa = PBXBuildFile; fileRef = 5047DF96205A41F30019ADFD /* FourthViewController.swift */; };
		5047DF99205A421D0019ADFD /* FifthViewController.swift in Sources */ = {isa = PBXBuildFile; fileRef = 5047DF98205A421D0019ADFD /* FifthViewController.swift */; };
/* End PBXBuildFile section */

/* Begin PBXContainerItemProxy section */
		5047DF76205A306D0019ADFD /* PBXContainerItemProxy */ = {
			isa = PBXContainerItemProxy;
			containerPortal = 5047DF59205A306C0019ADFD /* Project object */;
			proxyType = 1;
			remoteGlobalIDString = 5047DF60205A306C0019ADFD;
			remoteInfo = MachineTest;
		};
		5047DF81205A306D0019ADFD /* PBXContainerItemProxy */ = {
			isa = PBXContainerItemProxy;
			containerPortal = 5047DF59205A306C0019ADFD /* Project object */;
			proxyType = 1;
			remoteGlobalIDString = 5047DF60205A306C0019ADFD;
			remoteInfo = MachineTest;
		};
/* End PBXContainerItemProxy section */

/* Begin PBXFileReference section */
		5047DF61205A306C0019ADFD /* MachineTest.app */ = {isa = PBXFileReference; explicitFileType = wrapper.application; includeInIndex = 0; path = MachineTest.app; sourceTree = BUILT_PRODUCTS_DIR; };
		5047DF64205A306C0019ADFD /* AppDelegate.swift */ = {isa = PBXFileReference; lastKnownFileType = sourcecode.swift; path = AppDelegate.swift; sourceTree = "<group>"; };
		5047DF66205A306C0019ADFD /* ViewController.swift */ = {isa = PBXFileReference; lastKnownFileType = sourcecode.swift; path = ViewController.swift; sourceTree = "<group>"; };
		5047DF69205A306C0019ADFD /* Base */ = {isa = PBXFileReference; lastKnownFileType = file.storyboard; name = Base; path = Base.lproj/Main.storyboard; sourceTree = "<group>"; };
		5047DF6B205A306D0019ADFD /* Assets.xcassets */ = {isa = PBXFileReference; lastKnownFileType = folder.assetcatalog; path = Assets.xcassets; sourceTree = "<group>"; };
		5047DF6E205A306D0019ADFD /* Base */ = {isa = PBXFileReference; lastKnownFileType = file.storyboard; name = Base; path = Base.lproj/LaunchScreen.storyboard; sourceTree = "<group>"; };
		5047DF70205A306D0019ADFD /* Info.plist */ = {isa = PBXFileReference; lastKnownFileType = text.plist.xml; path = Info.plist; sourceTree = "<group>"; };
		5047DF75205A306D0019ADFD /* MachineTestTests.xctest */ = {isa = PBXFileReference; explicitFileType = wrapper.cfbundle; includeInIndex = 0; path = MachineTestTests.xctest; sourceTree = BUILT_PRODUCTS_DIR; };
		5047DF79205A306D0019ADFD /* MachineTestTests.swift */ = {isa = PBXFileReference; lastKnownFileType = sourcecode.swift; path = MachineTestTests.swift; sourceTree = "<group>"; };
		5047DF7B205A306D0019ADFD /* Info.plist */ = {isa = PBXFileReference; lastKnownFileType = text.plist.xml; path = Info.plist; sourceTree = "<group>"; };
		5047DF80205A306D0019ADFD /* MachineTestUITests.xctest */ = {isa = PBXFileReference; explicitFileType = wrapper.cfbundle; includeInIndex = 0; path = MachineTestUITests.xctest; sourceTree = BUILT_PRODUCTS_DIR; };
		5047DF84205A306D0019ADFD /* MachineTestUITests.swift */ = {isa = PBXFileReference; lastKnownFileType = sourcecode.swift; path = MachineTestUITests.swift; sourceTree = "<group>"; };
		5047DF86205A306D0019ADFD /* Info.plist */ = {isa = PBXFileReference; lastKnownFileType = text.plist.xml; path = Info.plist; sourceTree = "<group>"; };
		5047DF92205A33000019ADFD /* CreateAccVc.swift */ = {isa = PBXFileReference; lastKnownFileType = sourcecode.swift; path = CreateAccVc.swift; sourceTree = "<group>"; };
		5047DF94205A40FB0019ADFD /* ForgotViewController.swift */ = {isa = PBXFileReference; lastKnownFileType = sourcecode.swift; path = ForgotViewController.swift; sourceTree = "<group>"; };
		5047DF96205A41F30019ADFD /* FourthViewController.swift */ = {isa = PBXFileReference; lastKnownFileType = sourcecode.swift; path = FourthViewController.swift; sourceTree = "<group>"; };
		5047DF98205A421D0019ADFD /* FifthViewController.swift */ = {isa = PBXFileReference; lastKnownFileType = sourcecode.swift; path = FifthViewController.swift; sourceTree = "<group>"; };
/* End PBXFileReference section */

/* Begin PBXFrameworksBuildPhase section */
		5047DF5E205A306C0019ADFD /* Frameworks */ = {
			isa = PBXFrameworksBuildPhase;
			buildActionMask = 2147483647;
			files = (
			);
			runOnlyForDeploymentPostprocessing = 0;
		};
		5047DF72205A306D0019ADFD /* Frameworks */ = {
			isa = PBXFrameworksBuildPhase;
			buildActionMask = 2147483647;
			files = (
			);
			runOnlyForDeploymentPostprocessing = 0;
		};
		5047DF7D205A306D0019ADFD /* Frameworks */ = {
			isa = PBXFrameworksBuildPhase;
			buildActionMask = 2147483647;
			files = (
			);
			runOnlyForDeploymentPostprocessing = 0;
		};
/* End PBXFrameworksBuildPhase section */

/* Begin PBXGroup section */
		5047DF58205A306C0019ADFD = {
			isa = PBXGroup;
			children = (
				5047DF63205A306C0019ADFD /* MachineTest */,
				5047DF78205A306D0019ADFD /* MachineTestTests */,
				5047DF83205A306D0019ADFD /* MachineTestUITests */,
				5047DF62205A306C0019ADFD /* Products */,
			);
			sourceTree = "<group>";
		};
		5047DF62205A306C0019ADFD /* Products */ = {
			isa = PBXGroup;
			children = (
				5047DF61205A306C0019ADFD /* MachineTest.app */,
				5047DF75205A306D0019ADFD /* MachineTestTests.xctest */,
				5047DF80205A306D0019ADFD /* MachineTestUITests.xctest */,
			);
			name = Products;
			sourceTree = "<group>";
		};
		5047DF63205A306C0019ADFD /* MachineTest */ = {
			isa = PBXGroup;
			children = (
				5047DF64205A306C0019ADFD /* AppDelegate.swift */,
				5047DF66205A306C0019ADFD /* ViewController.swift */,
				5047DF92205A33000019ADFD /* CreateAccVc.swift */,
				5047DF94205A40FB0019ADFD /* ForgotViewController.swift */,
				5047DF96205A41F30019ADFD /* FourthViewController.swift */,
				5047DF98205A421D0019ADFD /* FifthViewController.swift */,
				5047DF68205A306C0019ADFD /* Main.storyboard */,
				5047DF6B205A306D0019ADFD /* Assets.xcassets */,
				5047DF6D205A306D0019ADFD /* LaunchScreen.storyboard */,
				5047DF70205A306D0019ADFD /* Info.plist */,
			);
			path = MachineTest;
			sourceTree = "<group>";
		};
		5047DF78205A306D0019ADFD /* MachineTestTests */ = {
			isa = PBXGroup;
			children = (
				5047DF79205A306D0019ADFD /* MachineTestTests.swift */,
				5047DF7B205A306D0019ADFD /* Info.plist */,
			);
			path = MachineTestTests;
			sourceTree = "<group>";
		};
		5047DF83205A306D0019ADFD /* MachineTestUITests */ = {
			isa = PBXGroup;
			children = (
				5047DF84205A306D0019ADFD /* MachineTestUITests.swift */,
				5047DF86205A306D0019ADFD /* Info.plist */,
			);
			path = MachineTestUITests;
			sourceTree = "<group>";
		};
/* End PBXGroup section */

/* Begin PBXNativeTarget section */
		5047DF60205A306C0019ADFD /* MachineTest */ = {
			isa = PBXNativeTarget;
			buildConfigurationList = 5047DF89205A306D0019ADFD /* Build configuration list for PBXNativeTarget "MachineTest" */;
			buildPhases = (
				5047DF5D205A306C0019ADFD /* Sources */,
				5047DF5E205A306C0019ADFD /* Frameworks */,
				5047DF5F205A306C0019ADFD /* Resources */,
			);
			buildRules = (
			);
			dependencies = (
			);
			name = MachineTest;
			productName = MachineTest;
			productReference = 5047DF61205A306C0019ADFD /* MachineTest.app */;
			productType = "com.apple.product-type.application";
		};
		5047DF74205A306D0019ADFD /* MachineTestTests */ = {
			isa = PBXNativeTarget;
			buildConfigurationList = 5047DF8C205A306D0019ADFD /* Build configuration list for PBXNativeTarget "MachineTestTests" */;
			buildPhases = (
				5047DF71205A306D0019ADFD /* Sources */,
				5047DF72205A306D0019ADFD /* Frameworks */,
				5047DF73205A306D0019ADFD /* Resources */,
			);
			buildRules = (
			);
			dependencies = (
				5047DF77205A306D0019ADFD /* PBXTargetDependency */,
			);
			name = MachineTestTests;
			productName = MachineTestTests;
			productReference = 5047DF75205A306D0019ADFD /* MachineTestTests.xctest */;
			productType = "com.apple.product-type.bundle.unit-test";
		};
		5047DF7F205A306D0019ADFD /* MachineTestUITests */ = {
			isa = PBXNativeTarget;
			buildConfigurationList = 5047DF8F205A306D0019ADFD /* Build configuration list for PBXNativeTarget "MachineTestUITests" */;
			buildPhases = (
				5047DF7C205A306D0019ADFD /* Sources */,
				5047DF7D205A306D0019ADFD /* Frameworks */,
				5047DF7E205A306D0019ADFD /* Resources */,
			);
			buildRules = (
			);
			dependencies = (
				5047DF82205A306D0019ADFD /* PBXTargetDependency */,
			);
			name = MachineTestUITests;
			productName = MachineTestUITests;
			productReference = 5047DF80205A306D0019ADFD /* MachineTestUITests.xctest */;
			productType = "com.apple.product-type.bundle.ui-testing";
		};
/* End PBXNativeTarget section */

/* Begin PBXProject section */
		5047DF59205A306C0019ADFD /* Project object */ = {
			isa = PBXProject;
			attributes = {
				LastSwiftUpdateCheck = 0910;
				LastUpgradeCheck = 0910;
				ORGANIZATIONNAME = Rk;
				TargetAttributes = {
					5047DF60205A306C0019ADFD = {
						CreatedOnToolsVersion = 9.1;
						ProvisioningStyle = Automatic;
					};
					5047DF74205A306D0019ADFD = {
						CreatedOnToolsVersion = 9.1;
						ProvisioningStyle = Automatic;
						TestTargetID = 5047DF60205A306C0019ADFD;
					};
					5047DF7F205A306D0019ADFD = {
						CreatedOnToolsVersion = 9.1;
						ProvisioningStyle = Automatic;
						TestTargetID = 5047DF60205A306C0019ADFD;
					};
				};
			};
			buildConfigurationList = 5047DF5C205A306C0019ADFD /* Build configuration list for PBXProject "MachineTest" */;
			compatibilityVersion = "Xcode 8.0";
			developmentRegion = en;
			hasScannedForEncodings = 0;
			knownRegions = (
				en,
				Base,
			);
			mainGroup = 5047DF58205A306C0019ADFD;
			productRefGroup = 5047DF62205A306C0019ADFD /* Products */;
			projectDirPath = "";
			projectRoot = "";
			targets = (
				5047DF60205A306C0019ADFD /* MachineTest */,
				5047DF74205A306D0019ADFD /* MachineTestTests */,
				5047DF7F205A306D0019ADFD /* MachineTestUITests */,
			);
		};
/* End PBXProject section */

/* Begin PBXResourcesBuildPhase section */
		5047DF5F205A306C0019ADFD /* Resources */ = {
			isa = PBXResourcesBuildPhase;
			buildActionMask = 2147483647;
			files = (
				5047DF6F205A306D0019ADFD /* LaunchScreen.storyboard in Resources */,
				5047DF6C205A306D0019ADFD /* Assets.xcassets in Resources */,
				5047DF6A205A306C0019ADFD /* Main.storyboard in Resources */,
			);
			runOnlyForDeploymentPostprocessing = 0;
		};
		5047DF73205A306D0019ADFD /* Resources */ = {
			isa = PBXResourcesBuildPhase;
			buildActionMask = 2147483647;
			files = (
			);
			runOnlyForDeploymentPostprocessing = 0;
		};
		5047DF7E205A306D0019ADFD /* Resources */ = {
			isa = PBXResourcesBuildPhase;
			buildActionMask = 2147483647;
			files = (
			);
			runOnlyForDeploymentPostprocessing = 0;
		};
/* End PBXResourcesBuildPhase section */

/* Begin PBXSourcesBuildPhase section */
		5047DF5D205A306C0019ADFD /* Sources */ = {
			isa = PBXSourcesBuildPhase;
			buildActionMask = 2147483647;
			files = (
				5047DF99205A421D0019ADFD /* FifthViewController.swift in Sources */,
				5047DF67205A306C0019ADFD /* ViewController.swift in Sources */,
				5047DF95205A40FB0019ADFD /* ForgotViewController.swift in Sources */,
				5047DF65205A306C0019ADFD /* AppDelegate.swift in Sources */,
				5047DF93205A33000019ADFD /* CreateAccVc.swift in Sources */,
				5047DF97205A41F30019ADFD /* FourthViewController.swift in Sources */,
			);
			runOnlyForDeploymentPostprocessing = 0;
		};
		5047DF71205A306D0019ADFD /* Sources */ = {
			isa = PBXSourcesBuildPhase;
			buildActionMask = 2147483647;
			files = (
				5047DF7A205A306D0019ADFD /* MachineTestTests.swift in Sources */,
			);
			runOnlyForDeploymentPostprocessing = 0;
		};
		5047DF7C205A306D0019ADFD /* Sources */ = {
			isa = PBXSourcesBuildPhase;
			buildActionMask = 2147483647;
			files = (
				5047DF85205A306D0019ADFD /* MachineTestUITests.swift in Sources */,
			);
			runOnlyForDeploymentPostprocessing = 0;
		};
/* End PBXSourcesBuildPhase section */

/* Begin PBXTargetDependency section */
		5047DF77205A306D0019ADFD /* PBXTargetDependency */ = {
			isa = PBXTargetDependency;
			target = 5047DF60205A306C0019ADFD /* MachineTest */;
			targetProxy = 5047DF76205A306D0019ADFD /* PBXContainerItemProxy */;
		};
		5047DF82205A306D0019ADFD /* PBXTargetDependency */ = {
			isa = PBXTargetDependency;
			target = 5047DF60205A306C0019ADFD /* MachineTest */;
			targetProxy = 5047DF81205A306D0019ADFD /* PBXContainerItemProxy */;
		};
/* End PBXTargetDependency section */

/* Begin PBXVariantGroup section */
		5047DF68205A306C0019ADFD /* Main.storyboard */ = {
			isa = PBXVariantGroup;
			children = (
				5047DF69205A306C0019ADFD /* Base */,
			);
			name = Main.storyboard;
			sourceTree = "<group>";
		};
		5047DF6D205A306D0019ADFD /* LaunchScreen.storyboard */ = {
			isa = PBXVariantGroup;
			children = (
				5047DF6E205A306D0019ADFD /* Base */,
			);
			name = LaunchScreen.storyboard;
			sourceTree = "<group>";
		};
/* End PBXVariantGroup section */

/* Begin XCBuildConfiguration section */
		5047DF87205A306D0019ADFD /* Debug */ = {
			isa = XCBuildConfiguration;
			buildSettings = {
				ALWAYS_SEARCH_USER_PATHS = NO;
				CLANG_ANALYZER_NONNULL = YES;
				CLANG_ANALYZER_NUMBER_OBJECT_CONVERSION = YES_AGGRESSIVE;
				CLANG_CXX_LANGUAGE_STANDARD = "gnu++14";
				CLANG_CXX_LIBRARY = "libc++";
				CLANG_ENABLE_MODULES = YES;
				CLANG_ENABLE_OBJC_ARC = YES;
				CLANG_WARN_BLOCK_CAPTURE_AUTORELEASING = YES;
				CLANG_WARN_BOOL_CONVERSION = YES;
				CLANG_WARN_COMMA = YES;
				CLANG_WARN_CONSTANT_CONVERSION = YES;
				CLANG_WARN_DIRECT_OBJC_ISA_USAGE = YES_ERROR;
				CLANG_WARN_DOCUMENTATION_COMMENTS = YES;
				CLANG_WARN_EMPTY_BODY = YES;
				CLANG_WARN_ENUM_CONVERSION = YES;
				CLANG_WARN_INFINITE_RECURSION = YES;
				CLANG_WARN_INT_CONVERSION = YES;
				CLANG_WARN_NON_LITERAL_NULL_CONVERSION = YES;
				CLANG_WARN_OBJC_LITERAL_CONVERSION = YES;
				CLANG_WARN_OBJC_ROOT_CLASS = YES_ERROR;
				CLANG_WARN_RANGE_LOOP_ANALYSIS = YES;
				CLANG_WARN_STRICT_PROTOTYPES = YES;
				CLANG_WARN_SUSPICIOUS_MOVE = YES;
				CLANG_WARN_UNGUARDED_AVAILABILITY = YES_AGGRESSIVE;
				CLANG_WARN_UNREACHABLE_CODE = YES;
				CLANG_WARN__DUPLICATE_METHOD_MATCH = YES;
				CODE_SIGN_IDENTITY = "iPhone Developer";
				COPY_PHASE_STRIP = NO;
				DEBUG_INFORMATION_FORMAT = dwarf;
				ENABLE_STRICT_OBJC_MSGSEND = YES;
				ENABLE_TESTABILITY = YES;
				GCC_C_LANGUAGE_STANDARD = gnu11;
				GCC_DYNAMIC_NO_PIC = NO;
				GCC_NO_COMMON_BLOCKS = YES;
				GCC_OPTIMIZATION_LEVEL = 0;
				GCC_PREPROCESSOR_DEFINITIONS = (
					"DEBUG=1",
					"$(inherited)",
				);
				GCC_WARN_64_TO_32_BIT_CONVERSION = YES;
				GCC_WARN_ABOUT_RETURN_TYPE = YES_ERROR;
				GCC_WARN_UNDECLARED_SELECTOR = YES;
				GCC_WARN_UNINITIALIZED_AUTOS = YES_AGGRESSIVE;
				GCC_WARN_UNUSED_FUNCTION = YES;
				GCC_WARN_UNUSED_VARIABLE = YES;
				IPHONEOS_DEPLOYMENT_TARGET = 11.1;
				MTL_ENABLE_DEBUG_INFO = YES;
				ONLY_ACTIVE_ARCH = YES;
				SDKROOT = iphoneos;
				SWIFT_ACTIVE_COMPILATION_CONDITIONS = DEBUG;
				SWIFT_OPTIMIZATION_LEVEL = "-Onone";
			};
			name = Debug;
		};
		5047DF88205A306D0019ADFD /* Release */ = {
			isa = XCBuildConfiguration;
			buildSettings = {
				ALWAYS_SEARCH_USER_PATHS = NO;
				CLANG_ANALYZER_NONNULL = YES;
				CLANG_ANALYZER_NUMBER_OBJECT_CONVERSION = YES_AGGRESSIVE;
				CLANG_CXX_LANGUAGE_STANDARD = "gnu++14";
				CLANG_CXX_LIBRARY = "libc++";
				CLANG_ENABLE_MODULES = YES;
				CLANG_ENABLE_OBJC_ARC = YES;
				CLANG_WARN_BLOCK_CAPTURE_AUTORELEASING = YES;
				CLANG_WARN_BOOL_CONVERSION = YES;
				CLANG_WARN_COMMA = YES;
				CLANG_WARN_CONSTANT_CONVERSION = YES;
				CLANG_WARN_DIRECT_OBJC_ISA_USAGE = YES_ERROR;
				CLANG_WARN_DOCUMENTATION_COMMENTS = YES;
				CLANG_WARN_EMPTY_BODY = YES;
				CLANG_WARN_ENUM_CONVERSION = YES;
				CLANG_WARN_INFINITE_RECURSION = YES;
				CLANG_WARN_INT_CONVERSION = YES;
				CLANG_WARN_NON_LITERAL_NULL_CONVERSION = YES;
				CLANG_WARN_OBJC_LITERAL_CONVERSION = YES;
				CLANG_WARN_OBJC_ROOT_CLASS = YES_ERROR;
				CLANG_WARN_RANGE_LOOP_ANALYSIS = YES;
				CLANG_WARN_STRICT_PROTOTYPES = YES;
				CLANG_WARN_SUSPICIOUS_MOVE = YES;
				CLANG_WARN_UNGUARDED_AVAILABILITY = YES_AGGRESSIVE;
				CLANG_WARN_UNREACHABLE_CODE = YES;
				CLANG_WARN__DUPLICATE_METHOD_MATCH = YES;
				CODE_SIGN_IDENTITY = "iPhone Developer";
				COPY_PHASE_STRIP = NO;
				DEBUG_INFORMATION_FORMAT = "dwarf-with-dsym";
				ENABLE_NS_ASSERTIONS = NO;
				ENABLE_STRICT_OBJC_MSGSEND = YES;
				GCC_C_LANGUAGE_STANDARD = gnu11;
				GCC_NO_COMMON_BLOCKS = YES;
				GCC_WARN_64_TO_32_BIT_CONVERSION = YES;
				GCC_WARN_ABOUT_RETURN_TYPE = YES_ERROR;
				GCC_WARN_UNDECLARED_SELECTOR = YES;
				GCC_WARN_UNINITIALIZED_AUTOS = YES_AGGRESSIVE;
				GCC_WARN_UNUSED_FUNCTION = YES;
				GCC_WARN_UNUSED_VARIABLE = YES;
				IPHONEOS_DEPLOYMENT_TARGET = 11.1;
				MTL_ENABLE_DEBUG_INFO = NO;
				SDKROOT = iphoneos;
				SWIFT_OPTIMIZATION_LEVEL = "-Owholemodule";
				VALIDATE_PRODUCT = YES;
			};
			name = Release;
		};
		5047DF8A205A306D0019ADFD /* Debug */ = {
			isa = XCBuildConfiguration;
			buildSettings = {
				ASSETCATALOG_COMPILER_APPICON_NAME = AppIcon;
				CODE_SIGN_STYLE = Automatic;
				INFOPLIST_FILE = MachineTest/Info.plist;
				LD_RUNPATH_SEARCH_PATHS = "$(inherited) @executable_path/Frameworks";
				PRODUCT_BUNDLE_IDENTIFIER = com.realLabz.MachineTest;
				PRODUCT_NAME = "$(TARGET_NAME)";
				SWIFT_VERSION = 4.0;
				TARGETED_DEVICE_FAMILY = "1,2";
			};
			name = Debug;
		};
		5047DF8B205A306D0019ADFD /* Release */ = {
			isa = XCBuildConfiguration;
			buildSettings = {
				ASSETCATALOG_COMPILER_APPICON_NAME = AppIcon;
				CODE_SIGN_STYLE = Automatic;
				INFOPLIST_FILE = MachineTest/Info.plist;
				LD_RUNPATH_SEARCH_PATHS = "$(inherited) @executable_path/Frameworks";
				PRODUCT_BUNDLE_IDENTIFIER = com.realLabz.MachineTest;
				PRODUCT_NAME = "$(TARGET_NAME)";
				SWIFT_VERSION = 4.0;
				TARGETED_DEVICE_FAMILY = "1,2";
			};
			name = Release;
		};
		5047DF8D205A306D0019ADFD /* Debug */ = {
			isa = XCBuildConfiguration;
			buildSettings = {
				ALWAYS_EMBED_SWIFT_STANDARD_LIBRARIES = YES;
				BUNDLE_LOADER = "$(TEST_HOST)";
				CODE_SIGN_STYLE = Automatic;
				INFOPLIST_FILE = MachineTestTests/Info.plist;
				LD_RUNPATH_SEARCH_PATHS = "$(inherited) @executable_path/Frameworks @loader_path/Frameworks";
				PRODUCT_BUNDLE_IDENTIFIER = com.realLabz.MachineTestTests;
				PRODUCT_NAME = "$(TARGET_NAME)";
				SWIFT_VERSION = 4.0;
				TARGETED_DEVICE_FAMILY = "1,2";
				TEST_HOST = "$(BUILT_PRODUCTS_DIR)/MachineTest.app/MachineTest";
			};
			name = Debug;
		};
		5047DF8E205A306D0019ADFD /* Release */ = {
			isa = XCBuildConfiguration;
			buildSettings = {
				ALWAYS_EMBED_SWIFT_STANDARD_LIBRARIES = YES;
				BUNDLE_LOADER = "$(TEST_HOST)";
				CODE_SIGN_STYLE = Automatic;
				INFOPLIST_FILE = MachineTestTests/Info.plist;
				LD_RUNPATH_SEARCH_PATHS = "$(inherited) @executable_path/Frameworks @loader_path/Frameworks";
				PRODUCT_BUNDLE_IDENTIFIER = com.realLabz.MachineTestTests;
				PRODUCT_NAME = "$(TARGET_NAME)";
				SWIFT_VERSION = 4.0;
				TARGETED_DEVICE_FAMILY = "1,2";
				TEST_HOST = "$(BUILT_PRODUCTS_DIR)/MachineTest.app/MachineTest";
			};
			name = Release;
		};
		5047DF90205A306D0019ADFD /* Debug */ = {
			isa = XCBuildConfiguration;
			buildSettings = {
				ALWAYS_EMBED_SWIFT_STANDARD_LIBRARIES = YES;
				CODE_SIGN_STYLE = Automatic;
				INFOPLIST_FILE = MachineTestUITests/Info.plist;
				LD_RUNPATH_SEARCH_PATHS = "$(inherited) @executable_path/Frameworks @loader_path/Frameworks";
				PRODUCT_BUNDLE_IDENTIFIER = com.realLabz.MachineTestUITests;
				PRODUCT_NAME = "$(TARGET_NAME)";
				SWIFT_VERSION = 4.0;
				TARGETED_DEVICE_FAMILY = "1,2";
				TEST_TARGET_NAME = MachineTest;
			};
			name = Debug;
		};
		5047DF91205A306D0019ADFD /* Release */ = {
			isa = XCBuildConfiguration;
			buildSettings = {
				ALWAYS_EMBED_SWIFT_STANDARD_LIBRARIES = YES;
				CODE_SIGN_STYLE = Automatic;
				INFOPLIST_FILE = MachineTestUITests/Info.plist;
				LD_RUNPATH_SEARCH_PATHS = "$(inherited) @executable_path/Frameworks @loader_path/Frameworks";
				PRODUCT_BUNDLE_IDENTIFIER = com.realLabz.MachineTestUITests;
				PRODUCT_NAME = "$(TARGET_NAME)";
				SWIFT_VERSION = 4.0;
				TARGETED_DEVICE_FAMILY = "1,2";
				TEST_TARGET_NAME = MachineTest;
			};
			name = Release;
		};
/* End XCBuildConfiguration section */

/* Begin XCConfigurationList section */
		5047DF5C205A306C0019ADFD /* Build configuration list for PBXProject "MachineTest" */ = {
			isa = XCConfigurationList;
			buildConfigurations = (
				5047DF87205A306D0019ADFD /* Debug */,
				5047DF88205A306D0019ADFD /* Release */,
			);
			defaultConfigurationIsVisible = 0;
			defaultConfigurationName = Release;
		};
		5047DF89205A306D0019ADFD /* Build configuration list for PBXNativeTarget "MachineTest" */ = {
			isa = XCConfigurationList;
			buildConfigurations = (
				5047DF8A205A306D0019ADFD /* Debug */,
				5047DF8B205A306D0019ADFD /* Release */,
			);
			defaultConfigurationIsVisible = 0;
			defaultConfigurationName = Release;
		};
		5047DF8C205A306D0019ADFD /* Build configuration list for PBXNativeTarget "MachineTestTests" */ = {
			isa = XCConfigurationList;
			buildConfigurations = (
				5047DF8D205A306D0019ADFD /* Debug */,
				5047DF8E205A306D0019ADFD /* Release */,
			);
			defaultConfigurationIsVisible = 0;
			defaultConfigurationName = Release;
		};
		5047DF8F205A306D0019ADFD /* Build configuration list for PBXNativeTarget "MachineTestUITests" */ = {
			isa = XCConfigurationList;
			buildConfigurations = (
				5047DF90205A306D0019ADFD /* Debug */,
				5047DF91205A306D0019ADFD /* Release */,
			);
			defaultConfigurationIsVisible = 0;
			defaultConfigurationName = Release;
		};
/* End XCConfigurationList section */
	};
	rootObject = 5047DF59205A306C0019ADFD /* Project object */;
}
