// !$*UTF8*$!
{
	archiveVersion = 1;
	classes = {
	};
	objectVersion = 48;
	objects = {

/* Begin PBXBuildFile section */
		5011726C205F740A00248627 /* AppDelegate.swift in Sources */ = {isa = PBXBuildFile; fileRef = 5011726B205F740A00248627 /* AppDelegate.swift */; };
		5011726E205F740B00248627 /* ViewController.swift in Sources */ = {isa = PBXBuildFile; fileRef = 5011726D205F740B00248627 /* ViewController.swift */; };
		50117271205F740B00248627 /* Main.storyboard in Resources */ = {isa = PBXBuildFile; fileRef = 5011726F205F740B00248627 /* Main.storyboard */; };
		50117273205F740B00248627 /* Assets.xcassets in Resources */ = {isa = PBXBuildFile; fileRef = 50117272205F740B00248627 /* Assets.xcassets */; };
		50117276205F740B00248627 /* LaunchScreen.storyboard in Resources */ = {isa = PBXBuildFile; fileRef = 50117274205F740B00248627 /* LaunchScreen.storyboard */; };
		50117281205F740B00248627 /* MapView_AppleTests.swift in Sources */ = {isa = PBXBuildFile; fileRef = 50117280205F740B00248627 /* MapView_AppleTests.swift */; };
		5011728C205F740B00248627 /* MapView_AppleUITests.swift in Sources */ = {isa = PBXBuildFile; fileRef = 5011728B205F740B00248627 /* MapView_AppleUITests.swift */; };
		50D73CF02075F41E00B83379 /* ViewControllerSec.swift in Sources */ = {isa = PBXBuildFile; fileRef = 50D73CEF2075F41E00B83379 /* ViewControllerSec.swift */; };
/* End PBXBuildFile section */

/* Begin PBXContainerItemProxy section */
		5011727D205F740B00248627 /* PBXContainerItemProxy */ = {
			isa = PBXContainerItemProxy;
			containerPortal = 50117260205F740A00248627 /* Project object */;
			proxyType = 1;
			remoteGlobalIDString = 50117267205F740A00248627;
			remoteInfo = "MapView Apple";
		};
		50117288205F740B00248627 /* PBXContainerItemProxy */ = {
			isa = PBXContainerItemProxy;
			containerPortal = 50117260205F740A00248627 /* Project object */;
			proxyType = 1;
			remoteGlobalIDString = 50117267205F740A00248627;
			remoteInfo = "MapView Apple";
		};
/* End PBXContainerItemProxy section */

/* Begin PBXFileReference section */
		50117268205F740A00248627 /* MapView Apple.app */ = {isa = PBXFileReference; explicitFileType = wrapper.application; includeInIndex = 0; path = "MapView Apple.app"; sourceTree = BUILT_PRODUCTS_DIR; };
		5011726B205F740A00248627 /* AppDelegate.swift */ = {isa = PBXFileReference; lastKnownFileType = sourcecode.swift; path = AppDelegate.swift; sourceTree = "<group>"; };
		5011726D205F740B00248627 /* ViewController.swift */ = {isa = PBXFileReference; lastKnownFileType = sourcecode.swift; path = ViewController.swift; sourceTree = "<group>"; };
		50117270205F740B00248627 /* Base */ = {isa = PBXFileReference; lastKnownFileType = file.storyboard; name = Base; path = Base.lproj/Main.storyboard; sourceTree = "<group>"; };
		50117272205F740B00248627 /* Assets.xcassets */ = {isa = PBXFileReference; lastKnownFileType = folder.assetcatalog; path = Assets.xcassets; sourceTree = "<group>"; };
		50117275205F740B00248627 /* Base */ = {isa = PBXFileReference; lastKnownFileType = file.storyboard; name = Base; path = Base.lproj/LaunchScreen.storyboard; sourceTree = "<group>"; };
		50117277205F740B00248627 /* Info.plist */ = {isa = PBXFileReference; lastKnownFileType = text.plist.xml; path = Info.plist; sourceTree = "<group>"; };
		5011727C205F740B00248627 /* MapView AppleTests.xctest */ = {isa = PBXFileReference; explicitFileType = wrapper.cfbundle; includeInIndex = 0; path = "MapView AppleTests.xctest"; sourceTree = BUILT_PRODUCTS_DIR; };
		50117280205F740B00248627 /* MapView_AppleTests.swift */ = {isa = PBXFileReference; lastKnownFileType = sourcecode.swift; path = MapView_AppleTests.swift; sourceTree = "<group>"; };
		50117282205F740B00248627 /* Info.plist */ = {isa = PBXFileReference; lastKnownFileType = text.plist.xml; path = Info.plist; sourceTree = "<group>"; };
		50117287205F740B00248627 /* MapView AppleUITests.xctest */ = {isa = PBXFileReference; explicitFileType = wrapper.cfbundle; includeInIndex = 0; path = "MapView AppleUITests.xctest"; sourceTree = BUILT_PRODUCTS_DIR; };
		5011728B205F740B00248627 /* MapView_AppleUITests.swift */ = {isa = PBXFileReference; lastKnownFileType = sourcecode.swift; path = MapView_AppleUITests.swift; sourceTree = "<group>"; };
		5011728D205F740B00248627 /* Info.plist */ = {isa = PBXFileReference; lastKnownFileType = text.plist.xml; path = Info.plist; sourceTree = "<group>"; };
		50D73CEF2075F41E00B83379 /* ViewControllerSec.swift */ = {isa = PBXFileReference; lastKnownFileType = sourcecode.swift; path = ViewControllerSec.swift; sourceTree = "<group>"; };
/* End PBXFileReference section */

/* Begin PBXFrameworksBuildPhase section */
		50117265205F740A00248627 /* Frameworks */ = {
			isa = PBXFrameworksBuildPhase;
			buildActionMask = 2147483647;
			files = (
			);
			runOnlyForDeploymentPostprocessing = 0;
		};
		50117279205F740B00248627 /* Frameworks */ = {
			isa = PBXFrameworksBuildPhase;
			buildActionMask = 2147483647;
			files = (
			);
			runOnlyForDeploymentPostprocessing = 0;
		};
		50117284205F740B00248627 /* Frameworks */ = {
			isa = PBXFrameworksBuildPhase;
			buildActionMask = 2147483647;
			files = (
			);
			runOnlyForDeploymentPostprocessing = 0;
		};
/* End PBXFrameworksBuildPhase section */

/* Begin PBXGroup section */
		5011725F205F740A00248627 = {
			isa = PBXGroup;
			children = (
				5011726A205F740A00248627 /* MapView Apple */,
				5011727F205F740B00248627 /* MapView AppleTests */,
				5011728A205F740B00248627 /* MapView AppleUITests */,
				50117269205F740A00248627 /* Products */,
			);
			sourceTree = "<group>";
		};
		50117269205F740A00248627 /* Products */ = {
			isa = PBXGroup;
			children = (
				50117268205F740A00248627 /* MapView Apple.app */,
				5011727C205F740B00248627 /* MapView AppleTests.xctest */,
				50117287205F740B00248627 /* MapView AppleUITests.xctest */,
			);
			name = Products;
			sourceTree = "<group>";
		};
		5011726A205F740A00248627 /* MapView Apple */ = {
			isa = PBXGroup;
			children = (
				5011726B205F740A00248627 /* AppDelegate.swift */,
				5011726D205F740B00248627 /* ViewController.swift */,
				5011726F205F740B00248627 /* Main.storyboard */,
				50117272205F740B00248627 /* Assets.xcassets */,
				50117274205F740B00248627 /* LaunchScreen.storyboard */,
				50117277205F740B00248627 /* Info.plist */,
				50D73CEF2075F41E00B83379 /* ViewControllerSec.swift */,
			);
			path = "MapView Apple";
			sourceTree = "<group>";
		};
		5011727F205F740B00248627 /* MapView AppleTests */ = {
			isa = PBXGroup;
			children = (
				50117280205F740B00248627 /* MapView_AppleTests.swift */,
				50117282205F740B00248627 /* Info.plist */,
			);
			path = "MapView AppleTests";
			sourceTree = "<group>";
		};
		5011728A205F740B00248627 /* MapView AppleUITests */ = {
			isa = PBXGroup;
			children = (
				5011728B205F740B00248627 /* MapView_AppleUITests.swift */,
				5011728D205F740B00248627 /* Info.plist */,
			);
			path = "MapView AppleUITests";
			sourceTree = "<group>";
		};
/* End PBXGroup section */

/* Begin PBXNativeTarget section */
		50117267205F740A00248627 /* MapView Apple */ = {
			isa = PBXNativeTarget;
			buildConfigurationList = 50117290205F740B00248627 /* Build configuration list for PBXNativeTarget "MapView Apple" */;
			buildPhases = (
				50117264205F740A00248627 /* Sources */,
				50117265205F740A00248627 /* Frameworks */,
				50117266205F740A00248627 /* Resources */,
			);
			buildRules = (
			);
			dependencies = (
			);
			name = "MapView Apple";
			productName = "MapView Apple";
			productReference = 50117268205F740A00248627 /* MapView Apple.app */;
			productType = "com.apple.product-type.application";
		};
		5011727B205F740B00248627 /* MapView AppleTests */ = {
			isa = PBXNativeTarget;
			buildConfigurationList = 50117293205F740B00248627 /* Build configuration list for PBXNativeTarget "MapView AppleTests" */;
			buildPhases = (
				50117278205F740B00248627 /* Sources */,
				50117279205F740B00248627 /* Frameworks */,
				5011727A205F740B00248627 /* Resources */,
			);
			buildRules = (
			);
			dependencies = (
				5011727E205F740B00248627 /* PBXTargetDependency */,
			);
			name = "MapView AppleTests";
			productName = "MapView AppleTests";
			productReference = 5011727C205F740B00248627 /* MapView AppleTests.xctest */;
			productType = "com.apple.product-type.bundle.unit-test";
		};
		50117286205F740B00248627 /* MapView AppleUITests */ = {
			isa = PBXNativeTarget;
			buildConfigurationList = 50117296205F740B00248627 /* Build configuration list for PBXNativeTarget "MapView AppleUITests" */;
			buildPhases = (
				50117283205F740B00248627 /* Sources */,
				50117284205F740B00248627 /* Frameworks */,
				50117285205F740B00248627 /* Resources */,
			);
			buildRules = (
			);
			dependencies = (
				50117289205F740B00248627 /* PBXTargetDependency */,
			);
			name = "MapView AppleUITests";
			productName = "MapView AppleUITests";
			productReference = 50117287205F740B00248627 /* MapView AppleUITests.xctest */;
			productType = "com.apple.product-type.bundle.ui-testing";
		};
/* End PBXNativeTarget section */

/* Begin PBXProject section */
		50117260205F740A00248627 /* Project object */ = {
			isa = PBXProject;
			attributes = {
				LastSwiftUpdateCheck = 0910;
				LastUpgradeCheck = 0910;
				ORGANIZATIONNAME = Rk;
				TargetAttributes = {
					50117267205F740A00248627 = {
						CreatedOnToolsVersion = 9.1;
						ProvisioningStyle = Automatic;
					};
					5011727B205F740B00248627 = {
						CreatedOnToolsVersion = 9.1;
						ProvisioningStyle = Automatic;
						TestTargetID = 50117267205F740A00248627;
					};
					50117286205F740B00248627 = {
						CreatedOnToolsVersion = 9.1;
						ProvisioningStyle = Automatic;
						TestTargetID = 50117267205F740A00248627;
					};
				};
			};
			buildConfigurationList = 50117263205F740A00248627 /* Build configuration list for PBXProject "MapView Apple" */;
			compatibilityVersion = "Xcode 8.0";
			developmentRegion = en;
			hasScannedForEncodings = 0;
			knownRegions = (
				en,
				Base,
			);
			mainGroup = 5011725F205F740A00248627;
			productRefGroup = 50117269205F740A00248627 /* Products */;
			projectDirPath = "";
			projectRoot = "";
			targets = (
				50117267205F740A00248627 /* MapView Apple */,
				5011727B205F740B00248627 /* MapView AppleTests */,
				50117286205F740B00248627 /* MapView AppleUITests */,
			);
		};
/* End PBXProject section */

/* Begin PBXResourcesBuildPhase section */
		50117266205F740A00248627 /* Resources */ = {
			isa = PBXResourcesBuildPhase;
			buildActionMask = 2147483647;
			files = (
				50117276205F740B00248627 /* LaunchScreen.storyboard in Resources */,
				50117273205F740B00248627 /* Assets.xcassets in Resources */,
				50117271205F740B00248627 /* Main.storyboard in Resources */,
			);
			runOnlyForDeploymentPostprocessing = 0;
		};
		5011727A205F740B00248627 /* Resources */ = {
			isa = PBXResourcesBuildPhase;
			buildActionMask = 2147483647;
			files = (
			);
			runOnlyForDeploymentPostprocessing = 0;
		};
		50117285205F740B00248627 /* Resources */ = {
			isa = PBXResourcesBuildPhase;
			buildActionMask = 2147483647;
			files = (
			);
			runOnlyForDeploymentPostprocessing = 0;
		};
/* End PBXResourcesBuildPhase section */

/* Begin PBXSourcesBuildPhase section */
		50117264205F740A00248627 /* Sources */ = {
			isa = PBXSourcesBuildPhase;
			buildActionMask = 2147483647;
			files = (
				5011726E205F740B00248627 /* ViewController.swift in Sources */,
				50D73CF02075F41E00B83379 /* ViewControllerSec.swift in Sources */,
				5011726C205F740A00248627 /* AppDelegate.swift in Sources */,
			);
			runOnlyForDeploymentPostprocessing = 0;
		};
		50117278205F740B00248627 /* Sources */ = {
			isa = PBXSourcesBuildPhase;
			buildActionMask = 2147483647;
			files = (
				50117281205F740B00248627 /* MapView_AppleTests.swift in Sources */,
			);
			runOnlyForDeploymentPostprocessing = 0;
		};
		50117283205F740B00248627 /* Sources */ = {
			isa = PBXSourcesBuildPhase;
			buildActionMask = 2147483647;
			files = (
				5011728C205F740B00248627 /* MapView_AppleUITests.swift in Sources */,
			);
			runOnlyForDeploymentPostprocessing = 0;
		};
/* End PBXSourcesBuildPhase section */

/* Begin PBXTargetDependency section */
		5011727E205F740B00248627 /* PBXTargetDependency */ = {
			isa = PBXTargetDependency;
			target = 50117267205F740A00248627 /* MapView Apple */;
			targetProxy = 5011727D205F740B00248627 /* PBXContainerItemProxy */;
		};
		50117289205F740B00248627 /* PBXTargetDependency */ = {
			isa = PBXTargetDependency;
			target = 50117267205F740A00248627 /* MapView Apple */;
			targetProxy = 50117288205F740B00248627 /* PBXContainerItemProxy */;
		};
/* End PBXTargetDependency section */

/* Begin PBXVariantGroup section */
		5011726F205F740B00248627 /* Main.storyboard */ = {
			isa = PBXVariantGroup;
			children = (
				50117270205F740B00248627 /* Base */,
			);
			name = Main.storyboard;
			sourceTree = "<group>";
		};
		50117274205F740B00248627 /* LaunchScreen.storyboard */ = {
			isa = PBXVariantGroup;
			children = (
				50117275205F740B00248627 /* Base */,
			);
			name = LaunchScreen.storyboard;
			sourceTree = "<group>";
		};
/* End PBXVariantGroup section */

/* Begin XCBuildConfiguration section */
		5011728E205F740B00248627 /* Debug */ = {
			isa = XCBuildConfiguration;
			buildSettings = {
				ALWAYS_SEARCH_USER_PATHS = NO;
				CLANG_ANALYZER_NONNULL = YES;
				CLANG_ANALYZER_NUMBER_OBJECT_CONVERSION = YES_AGGRESSIVE;
				CLANG_CXX_LANGUAGE_STANDARD = "gnu++14";
				CLANG_CXX_LIBRARY = "libc++";
				CLANG_ENABLE_MODULES = YES;
				CLANG_ENABLE_OBJC_ARC = YES;
				CLANG_WARN_BLOCK_CAPTURE_AUTORELEASING = YES;
				CLANG_WARN_BOOL_CONVERSION = YES;
				CLANG_WARN_COMMA = YES;
				CLANG_WARN_CONSTANT_CONVERSION = YES;
				CLANG_WARN_DIRECT_OBJC_ISA_USAGE = YES_ERROR;
				CLANG_WARN_DOCUMENTATION_COMMENTS = YES;
				CLANG_WARN_EMPTY_BODY = YES;
				CLANG_WARN_ENUM_CONVERSION = YES;
				CLANG_WARN_INFINITE_RECURSION = YES;
				CLANG_WARN_INT_CONVERSION = YES;
				CLANG_WARN_NON_LITERAL_NULL_CONVERSION = YES;
				CLANG_WARN_OBJC_LITERAL_CONVERSION = YES;
				CLANG_WARN_OBJC_ROOT_CLASS = YES_ERROR;
				CLANG_WARN_RANGE_LOOP_ANALYSIS = YES;
				CLANG_WARN_STRICT_PROTOTYPES = YES;
				CLANG_WARN_SUSPICIOUS_MOVE = YES;
				CLANG_WARN_UNGUARDED_AVAILABILITY = YES_AGGRESSIVE;
				CLANG_WARN_UNREACHABLE_CODE = YES;
				CLANG_WARN__DUPLICATE_METHOD_MATCH = YES;
				CODE_SIGN_IDENTITY = "iPhone Developer";
				COPY_PHASE_STRIP = NO;
				DEBUG_INFORMATION_FORMAT = dwarf;
				ENABLE_STRICT_OBJC_MSGSEND = YES;
				ENABLE_TESTABILITY = YES;
				GCC_C_LANGUAGE_STANDARD = gnu11;
				GCC_DYNAMIC_NO_PIC = NO;
				GCC_NO_COMMON_BLOCKS = YES;
				GCC_OPTIMIZATION_LEVEL = 0;
				GCC_PREPROCESSOR_DEFINITIONS = (
					"DEBUG=1",
					"$(inherited)",
				);
				GCC_WARN_64_TO_32_BIT_CONVERSION = YES;
				GCC_WARN_ABOUT_RETURN_TYPE = YES_ERROR;
				GCC_WARN_UNDECLARED_SELECTOR = YES;
				GCC_WARN_UNINITIALIZED_AUTOS = YES_AGGRESSIVE;
				GCC_WARN_UNUSED_FUNCTION = YES;
				GCC_WARN_UNUSED_VARIABLE = YES;
				IPHONEOS_DEPLOYMENT_TARGET = 11.1;
				MTL_ENABLE_DEBUG_INFO = YES;
				ONLY_ACTIVE_ARCH = YES;
				SDKROOT = iphoneos;
				SWIFT_ACTIVE_COMPILATION_CONDITIONS = DEBUG;
				SWIFT_OPTIMIZATION_LEVEL = "-Onone";
			};
			name = Debug;
		};
		5011728F205F740B00248627 /* Release */ = {
			isa = XCBuildConfiguration;
			buildSettings = {
				ALWAYS_SEARCH_USER_PATHS = NO;
				CLANG_ANALYZER_NONNULL = YES;
				CLANG_ANALYZER_NUMBER_OBJECT_CONVERSION = YES_AGGRESSIVE;
				CLANG_CXX_LANGUAGE_STANDARD = "gnu++14";
				CLANG_CXX_LIBRARY = "libc++";
				CLANG_ENABLE_MODULES = YES;
				CLANG_ENABLE_OBJC_ARC = YES;
				CLANG_WARN_BLOCK_CAPTURE_AUTORELEASING = YES;
				CLANG_WARN_BOOL_CONVERSION = YES;
				CLANG_WARN_COMMA = YES;
				CLANG_WARN_CONSTANT_CONVERSION = YES;
				CLANG_WARN_DIRECT_OBJC_ISA_USAGE = YES_ERROR;
				CLANG_WARN_DOCUMENTATION_COMMENTS = YES;
				CLANG_WARN_EMPTY_BODY = YES;
				CLANG_WARN_ENUM_CONVERSION = YES;
				CLANG_WARN_INFINITE_RECURSION = YES;
				CLANG_WARN_INT_CONVERSION = YES;
				CLANG_WARN_NON_LITERAL_NULL_CONVERSION = YES;
				CLANG_WARN_OBJC_LITERAL_CONVERSION = YES;
				CLANG_WARN_OBJC_ROOT_CLASS = YES_ERROR;
				CLANG_WARN_RANGE_LOOP_ANALYSIS = YES;
				CLANG_WARN_STRICT_PROTOTYPES = YES;
				CLANG_WARN_SUSPICIOUS_MOVE = YES;
				CLANG_WARN_UNGUARDED_AVAILABILITY = YES_AGGRESSIVE;
				CLANG_WARN_UNREACHABLE_CODE = YES;
				CLANG_WARN__DUPLICATE_METHOD_MATCH = YES;
				CODE_SIGN_IDENTITY = "iPhone Developer";
				COPY_PHASE_STRIP = NO;
				DEBUG_INFORMATION_FORMAT = "dwarf-with-dsym";
				ENABLE_NS_ASSERTIONS = NO;
				ENABLE_STRICT_OBJC_MSGSEND = YES;
				GCC_C_LANGUAGE_STANDARD = gnu11;
				GCC_NO_COMMON_BLOCKS = YES;
				GCC_WARN_64_TO_32_BIT_CONVERSION = YES;
				GCC_WARN_ABOUT_RETURN_TYPE = YES_ERROR;
				GCC_WARN_UNDECLARED_SELECTOR = YES;
				GCC_WARN_UNINITIALIZED_AUTOS = YES_AGGRESSIVE;
				GCC_WARN_UNUSED_FUNCTION = YES;
				GCC_WARN_UNUSED_VARIABLE = YES;
				IPHONEOS_DEPLOYMENT_TARGET = 11.1;
				MTL_ENABLE_DEBUG_INFO = NO;
				SDKROOT = iphoneos;
				SWIFT_OPTIMIZATION_LEVEL = "-Owholemodule";
				VALIDATE_PRODUCT = YES;
			};
			name = Release;
		};
		50117291205F740B00248627 /* Debug */ = {
			isa = XCBuildConfiguration;
			buildSettings = {
				ASSETCATALOG_COMPILER_APPICON_NAME = AppIcon;
				CODE_SIGN_STYLE = Automatic;
				DEVELOPMENT_TEAM = 35486585J2;
				INFOPLIST_FILE = "MapView Apple/Info.plist";
				LD_RUNPATH_SEARCH_PATHS = "$(inherited) @executable_path/Frameworks";
				PRODUCT_BUNDLE_IDENTIFIER = "com.realLabz.MapView-Apple";
				PRODUCT_NAME = "$(TARGET_NAME)";
				SWIFT_VERSION = 4.0;
				TARGETED_DEVICE_FAMILY = "1,2";
			};
			name = Debug;
		};
		50117292205F740B00248627 /* Release */ = {
			isa = XCBuildConfiguration;
			buildSettings = {
				ASSETCATALOG_COMPILER_APPICON_NAME = AppIcon;
				CODE_SIGN_STYLE = Automatic;
				DEVELOPMENT_TEAM = 35486585J2;
				INFOPLIST_FILE = "MapView Apple/Info.plist";
				LD_RUNPATH_SEARCH_PATHS = "$(inherited) @executable_path/Frameworks";
				PRODUCT_BUNDLE_IDENTIFIER = "com.realLabz.MapView-Apple";
				PRODUCT_NAME = "$(TARGET_NAME)";
				SWIFT_VERSION = 4.0;
				TARGETED_DEVICE_FAMILY = "1,2";
			};
			name = Release;
		};
		50117294205F740B00248627 /* Debug */ = {
			isa = XCBuildConfiguration;
			buildSettings = {
				ALWAYS_EMBED_SWIFT_STANDARD_LIBRARIES = YES;
				BUNDLE_LOADER = "$(TEST_HOST)";
				CODE_SIGN_STYLE = Automatic;
				INFOPLIST_FILE = "MapView AppleTests/Info.plist";
				LD_RUNPATH_SEARCH_PATHS = "$(inherited) @executable_path/Frameworks @loader_path/Frameworks";
				PRODUCT_BUNDLE_IDENTIFIER = "com.realLabz.MapView-AppleTests";
				PRODUCT_NAME = "$(TARGET_NAME)";
				SWIFT_VERSION = 4.0;
				TARGETED_DEVICE_FAMILY = "1,2";
				TEST_HOST = "$(BUILT_PRODUCTS_DIR)/MapView Apple.app/MapView Apple";
			};
			name = Debug;
		};
		50117295205F740B00248627 /* Release */ = {
			isa = XCBuildConfiguration;
			buildSettings = {
				ALWAYS_EMBED_SWIFT_STANDARD_LIBRARIES = YES;
				BUNDLE_LOADER = "$(TEST_HOST)";
				CODE_SIGN_STYLE = Automatic;
				INFOPLIST_FILE = "MapView AppleTests/Info.plist";
				LD_RUNPATH_SEARCH_PATHS = "$(inherited) @executable_path/Frameworks @loader_path/Frameworks";
				PRODUCT_BUNDLE_IDENTIFIER = "com.realLabz.MapView-AppleTests";
				PRODUCT_NAME = "$(TARGET_NAME)";
				SWIFT_VERSION = 4.0;
				TARGETED_DEVICE_FAMILY = "1,2";
				TEST_HOST = "$(BUILT_PRODUCTS_DIR)/MapView Apple.app/MapView Apple";
			};
			name = Release;
		};
		50117297205F740B00248627 /* Debug */ = {
			isa = XCBuildConfiguration;
			buildSettings = {
				ALWAYS_EMBED_SWIFT_STANDARD_LIBRARIES = YES;
				CODE_SIGN_STYLE = Automatic;
				INFOPLIST_FILE = "MapView AppleUITests/Info.plist";
				LD_RUNPATH_SEARCH_PATHS = "$(inherited) @executable_path/Frameworks @loader_path/Frameworks";
				PRODUCT_BUNDLE_IDENTIFIER = "com.realLabz.MapView-AppleUITests";
				PRODUCT_NAME = "$(TARGET_NAME)";
				SWIFT_VERSION = 4.0;
				TARGETED_DEVICE_FAMILY = "1,2";
				TEST_TARGET_NAME = "MapView Apple";
			};
			name = Debug;
		};
		50117298205F740B00248627 /* Release */ = {
			isa = XCBuildConfiguration;
			buildSettings = {
				ALWAYS_EMBED_SWIFT_STANDARD_LIBRARIES = YES;
				CODE_SIGN_STYLE = Automatic;
				INFOPLIST_FILE = "MapView AppleUITests/Info.plist";
				LD_RUNPATH_SEARCH_PATHS = "$(inherited) @executable_path/Frameworks @loader_path/Frameworks";
				PRODUCT_BUNDLE_IDENTIFIER = "com.realLabz.MapView-AppleUITests";
				PRODUCT_NAME = "$(TARGET_NAME)";
				SWIFT_VERSION = 4.0;
				TARGETED_DEVICE_FAMILY = "1,2";
				TEST_TARGET_NAME = "MapView Apple";
			};
			name = Release;
		};
/* End XCBuildConfiguration section */

/* Begin XCConfigurationList section */
		50117263205F740A00248627 /* Build configuration list for PBXProject "MapView Apple" */ = {
			isa = XCConfigurationList;
			buildConfigurations = (
				5011728E205F740B00248627 /* Debug */,
				5011728F205F740B00248627 /* Release */,
			);
			defaultConfigurationIsVisible = 0;
			defaultConfigurationName = Release;
		};
		50117290205F740B00248627 /* Build configuration list for PBXNativeTarget "MapView Apple" */ = {
			isa = XCConfigurationList;
			buildConfigurations = (
				50117291205F740B00248627 /* Debug */,
				50117292205F740B00248627 /* Release */,
			);
			defaultConfigurationIsVisible = 0;
			defaultConfigurationName = Release;
		};
		50117293205F740B00248627 /* Build configuration list for PBXNativeTarget "MapView AppleTests" */ = {
			isa = XCConfigurationList;
			buildConfigurations = (
				50117294205F740B00248627 /* Debug */,
				50117295205F740B00248627 /* Release */,
			);
			defaultConfigurationIsVisible = 0;
			defaultConfigurationName = Release;
		};
		50117296205F740B00248627 /* Build configuration list for PBXNativeTarget "MapView AppleUITests" */ = {
			isa = XCConfigurationList;
			buildConfigurations = (
				50117297205F740B00248627 /* Debug */,
				50117298205F740B00248627 /* Release */,
			);
			defaultConfigurationIsVisible = 0;
			defaultConfigurationName = Release;
		};
/* End XCConfigurationList section */
	};
	rootObject = 50117260205F740A00248627 /* Project object */;
}
