// !$*UTF8*$!
{
	archiveVersion = 1;
	classes = {
	};
	objectVersion = 48;
	objects = {

/* Begin PBXBuildFile section */
		5079390F2062685D0018D3B0 /* AppDelegate.swift in Sources */ = {isa = PBXBuildFile; fileRef = 5079390E2062685D0018D3B0 /* AppDelegate.swift */; };
		507939142062685D0018D3B0 /* Main.storyboard in Resources */ = {isa = PBXBuildFile; fileRef = 507939122062685D0018D3B0 /* Main.storyboard */; };
		507939162062685D0018D3B0 /* Assets.xcassets in Resources */ = {isa = PBXBuildFile; fileRef = 507939152062685D0018D3B0 /* Assets.xcassets */; };
		507939192062685D0018D3B0 /* LaunchScreen.storyboard in Resources */ = {isa = PBXBuildFile; fileRef = 507939172062685D0018D3B0 /* LaunchScreen.storyboard */; };
		507939242062685D0018D3B0 /* CollectionView_Without_VIewControllerTests.swift in Sources */ = {isa = PBXBuildFile; fileRef = 507939232062685D0018D3B0 /* CollectionView_Without_VIewControllerTests.swift */; };
		5079392F2062685D0018D3B0 /* CollectionView_Without_VIewControllerUITests.swift in Sources */ = {isa = PBXBuildFile; fileRef = 5079392E2062685D0018D3B0 /* CollectionView_Without_VIewControllerUITests.swift */; };
		5079394120626D490018D3B0 /* CollectionViewCell.swift in Sources */ = {isa = PBXBuildFile; fileRef = 5079394020626D490018D3B0 /* CollectionViewCell.swift */; };
		5096AD36206271A700BA7DC0 /* MainCollectionViewController.swift in Sources */ = {isa = PBXBuildFile; fileRef = 5096AD35206271A700BA7DC0 /* MainCollectionViewController.swift */; };
/* End PBXBuildFile section */

/* Begin PBXContainerItemProxy section */
		507939202062685D0018D3B0 /* PBXContainerItemProxy */ = {
			isa = PBXContainerItemProxy;
			containerPortal = 507939032062685D0018D3B0 /* Project object */;
			proxyType = 1;
			remoteGlobalIDString = 5079390A2062685D0018D3B0;
			remoteInfo = "CollectionView Without VIewController";
		};
		5079392B2062685D0018D3B0 /* PBXContainerItemProxy */ = {
			isa = PBXContainerItemProxy;
			containerPortal = 507939032062685D0018D3B0 /* Project object */;
			proxyType = 1;
			remoteGlobalIDString = 5079390A2062685D0018D3B0;
			remoteInfo = "CollectionView Without VIewController";
		};
/* End PBXContainerItemProxy section */

/* Begin PBXFileReference section */
		5079390B2062685D0018D3B0 /* CollectionView Without VIewController.app */ = {isa = PBXFileReference; explicitFileType = wrapper.application; includeInIndex = 0; path = "CollectionView Without VIewController.app"; sourceTree = BUILT_PRODUCTS_DIR; };
		5079390E2062685D0018D3B0 /* AppDelegate.swift */ = {isa = PBXFileReference; lastKnownFileType = sourcecode.swift; path = AppDelegate.swift; sourceTree = "<group>"; };
		507939132062685D0018D3B0 /* Base */ = {isa = PBXFileReference; lastKnownFileType = file.storyboard; name = Base; path = Base.lproj/Main.storyboard; sourceTree = "<group>"; };
		507939152062685D0018D3B0 /* Assets.xcassets */ = {isa = PBXFileReference; lastKnownFileType = folder.assetcatalog; path = Assets.xcassets; sourceTree = "<group>"; };
		507939182062685D0018D3B0 /* Base */ = {isa = PBXFileReference; lastKnownFileType = file.storyboard; name = Base; path = Base.lproj/LaunchScreen.storyboard; sourceTree = "<group>"; };
		5079391A2062685D0018D3B0 /* Info.plist */ = {isa = PBXFileReference; lastKnownFileType = text.plist.xml; path = Info.plist; sourceTree = "<group>"; };
		5079391F2062685D0018D3B0 /* CollectionView Without VIewControllerTests.xctest */ = {isa = PBXFileReference; explicitFileType = wrapper.cfbundle; includeInIndex = 0; path = "CollectionView Without VIewControllerTests.xctest"; sourceTree = BUILT_PRODUCTS_DIR; };
		507939232062685D0018D3B0 /* CollectionView_Without_VIewControllerTests.swift */ = {isa = PBXFileReference; lastKnownFileType = sourcecode.swift; path = CollectionView_Without_VIewControllerTests.swift; sourceTree = "<group>"; };
		507939252062685D0018D3B0 /* Info.plist */ = {isa = PBXFileReference; lastKnownFileType = text.plist.xml; path = Info.plist; sourceTree = "<group>"; };
		5079392A2062685D0018D3B0 /* CollectionView Without VIewControllerUITests.xctest */ = {isa = PBXFileReference; explicitFileType = wrapper.cfbundle; includeInIndex = 0; path = "CollectionView Without VIewControllerUITests.xctest"; sourceTree = BUILT_PRODUCTS_DIR; };
		5079392E2062685D0018D3B0 /* CollectionView_Without_VIewControllerUITests.swift */ = {isa = PBXFileReference; lastKnownFileType = sourcecode.swift; path = CollectionView_Without_VIewControllerUITests.swift; sourceTree = "<group>"; };
		507939302062685D0018D3B0 /* Info.plist */ = {isa = PBXFileReference; lastKnownFileType = text.plist.xml; path = Info.plist; sourceTree = "<group>"; };
		5079394020626D490018D3B0 /* CollectionViewCell.swift */ = {isa = PBXFileReference; lastKnownFileType = sourcecode.swift; path = CollectionViewCell.swift; sourceTree = "<group>"; };
		5096AD35206271A700BA7DC0 /* MainCollectionViewController.swift */ = {isa = PBXFileReference; lastKnownFileType = sourcecode.swift; path = MainCollectionViewController.swift; sourceTree = "<group>"; };
/* End PBXFileReference section */

/* Begin PBXFrameworksBuildPhase section */
		507939082062685D0018D3B0 /* Frameworks */ = {
			isa = PBXFrameworksBuildPhase;
			buildActionMask = 2147483647;
			files = (
			);
			runOnlyForDeploymentPostprocessing = 0;
		};
		5079391C2062685D0018D3B0 /* Frameworks */ = {
			isa = PBXFrameworksBuildPhase;
			buildActionMask = 2147483647;
			files = (
			);
			runOnlyForDeploymentPostprocessing = 0;
		};
		507939272062685D0018D3B0 /* Frameworks */ = {
			isa = PBXFrameworksBuildPhase;
			buildActionMask = 2147483647;
			files = (
			);
			runOnlyForDeploymentPostprocessing = 0;
		};
/* End PBXFrameworksBuildPhase section */

/* Begin PBXGroup section */
		507939022062685D0018D3B0 = {
			isa = PBXGroup;
			children = (
				5079390D2062685D0018D3B0 /* CollectionView Without VIewController */,
				507939222062685D0018D3B0 /* CollectionView Without VIewControllerTests */,
				5079392D2062685D0018D3B0 /* CollectionView Without VIewControllerUITests */,
				5079390C2062685D0018D3B0 /* Products */,
			);
			sourceTree = "<group>";
		};
		5079390C2062685D0018D3B0 /* Products */ = {
			isa = PBXGroup;
			children = (
				5079390B2062685D0018D3B0 /* CollectionView Without VIewController.app */,
				5079391F2062685D0018D3B0 /* CollectionView Without VIewControllerTests.xctest */,
				5079392A2062685D0018D3B0 /* CollectionView Without VIewControllerUITests.xctest */,
			);
			name = Products;
			sourceTree = "<group>";
		};
		5079390D2062685D0018D3B0 /* CollectionView Without VIewController */ = {
			isa = PBXGroup;
			children = (
				5079390E2062685D0018D3B0 /* AppDelegate.swift */,
				5079394020626D490018D3B0 /* CollectionViewCell.swift */,
				5096AD35206271A700BA7DC0 /* MainCollectionViewController.swift */,
				507939122062685D0018D3B0 /* Main.storyboard */,
				507939152062685D0018D3B0 /* Assets.xcassets */,
				507939172062685D0018D3B0 /* LaunchScreen.storyboard */,
				5079391A2062685D0018D3B0 /* Info.plist */,
			);
			path = "CollectionView Without VIewController";
			sourceTree = "<group>";
		};
		507939222062685D0018D3B0 /* CollectionView Without VIewControllerTests */ = {
			isa = PBXGroup;
			children = (
				507939232062685D0018D3B0 /* CollectionView_Without_VIewControllerTests.swift */,
				507939252062685D0018D3B0 /* Info.plist */,
			);
			path = "CollectionView Without VIewControllerTests";
			sourceTree = "<group>";
		};
		5079392D2062685D0018D3B0 /* CollectionView Without VIewControllerUITests */ = {
			isa = PBXGroup;
			children = (
				5079392E2062685D0018D3B0 /* CollectionView_Without_VIewControllerUITests.swift */,
				507939302062685D0018D3B0 /* Info.plist */,
			);
			path = "CollectionView Without VIewControllerUITests";
			sourceTree = "<group>";
		};
/* End PBXGroup section */

/* Begin PBXNativeTarget section */
		5079390A2062685D0018D3B0 /* CollectionView Without VIewController */ = {
			isa = PBXNativeTarget;
			buildConfigurationList = 507939332062685D0018D3B0 /* Build configuration list for PBXNativeTarget "CollectionView Without VIewController" */;
			buildPhases = (
				507939072062685D0018D3B0 /* Sources */,
				507939082062685D0018D3B0 /* Frameworks */,
				507939092062685D0018D3B0 /* Resources */,
			);
			buildRules = (
			);
			dependencies = (
			);
			name = "CollectionView Without VIewController";
			productName = "CollectionView Without VIewController";
			productReference = 5079390B2062685D0018D3B0 /* CollectionView Without VIewController.app */;
			productType = "com.apple.product-type.application";
		};
		5079391E2062685D0018D3B0 /* CollectionView Without VIewControllerTests */ = {
			isa = PBXNativeTarget;
			buildConfigurationList = 507939362062685D0018D3B0 /* Build configuration list for PBXNativeTarget "CollectionView Without VIewControllerTests" */;
			buildPhases = (
				5079391B2062685D0018D3B0 /* Sources */,
				5079391C2062685D0018D3B0 /* Frameworks */,
				5079391D2062685D0018D3B0 /* Resources */,
			);
			buildRules = (
			);
			dependencies = (
				507939212062685D0018D3B0 /* PBXTargetDependency */,
			);
			name = "CollectionView Without VIewControllerTests";
			productName = "CollectionView Without VIewControllerTests";
			productReference = 5079391F2062685D0018D3B0 /* CollectionView Without VIewControllerTests.xctest */;
			productType = "com.apple.product-type.bundle.unit-test";
		};
		507939292062685D0018D3B0 /* CollectionView Without VIewControllerUITests */ = {
			isa = PBXNativeTarget;
			buildConfigurationList = 507939392062685D0018D3B0 /* Build configuration list for PBXNativeTarget "CollectionView Without VIewControllerUITests" */;
			buildPhases = (
				507939262062685D0018D3B0 /* Sources */,
				507939272062685D0018D3B0 /* Frameworks */,
				507939282062685D0018D3B0 /* Resources */,
			);
			buildRules = (
			);
			dependencies = (
				5079392C2062685D0018D3B0 /* PBXTargetDependency */,
			);
			name = "CollectionView Without VIewControllerUITests";
			productName = "CollectionView Without VIewControllerUITests";
			productReference = 5079392A2062685D0018D3B0 /* CollectionView Without VIewControllerUITests.xctest */;
			productType = "com.apple.product-type.bundle.ui-testing";
		};
/* End PBXNativeTarget section */

/* Begin PBXProject section */
		507939032062685D0018D3B0 /* Project object */ = {
			isa = PBXProject;
			attributes = {
				LastSwiftUpdateCheck = 0910;
				LastUpgradeCheck = 0910;
				ORGANIZATIONNAME = Rk;
				TargetAttributes = {
					5079390A2062685D0018D3B0 = {
						CreatedOnToolsVersion = 9.1;
						ProvisioningStyle = Automatic;
					};
					5079391E2062685D0018D3B0 = {
						CreatedOnToolsVersion = 9.1;
						ProvisioningStyle = Automatic;
						TestTargetID = 5079390A2062685D0018D3B0;
					};
					507939292062685D0018D3B0 = {
						CreatedOnToolsVersion = 9.1;
						ProvisioningStyle = Automatic;
						TestTargetID = 5079390A2062685D0018D3B0;
					};
				};
			};
			buildConfigurationList = 507939062062685D0018D3B0 /* Build configuration list for PBXProject "CollectionView Without VIewController" */;
			compatibilityVersion = "Xcode 8.0";
			developmentRegion = en;
			hasScannedForEncodings = 0;
			knownRegions = (
				en,
				Base,
			);
			mainGroup = 507939022062685D0018D3B0;
			productRefGroup = 5079390C2062685D0018D3B0 /* Products */;
			projectDirPath = "";
			projectRoot = "";
			targets = (
				5079390A2062685D0018D3B0 /* CollectionView Without VIewController */,
				5079391E2062685D0018D3B0 /* CollectionView Without VIewControllerTests */,
				507939292062685D0018D3B0 /* CollectionView Without VIewControllerUITests */,
			);
		};
/* End PBXProject section */

/* Begin PBXResourcesBuildPhase section */
		507939092062685D0018D3B0 /* Resources */ = {
			isa = PBXResourcesBuildPhase;
			buildActionMask = 2147483647;
			files = (
				507939192062685D0018D3B0 /* LaunchScreen.storyboard in Resources */,
				507939162062685D0018D3B0 /* Assets.xcassets in Resources */,
				507939142062685D0018D3B0 /* Main.storyboard in Resources */,
			);
			runOnlyForDeploymentPostprocessing = 0;
		};
		5079391D2062685D0018D3B0 /* Resources */ = {
			isa = PBXResourcesBuildPhase;
			buildActionMask = 2147483647;
			files = (
			);
			runOnlyForDeploymentPostprocessing = 0;
		};
		507939282062685D0018D3B0 /* Resources */ = {
			isa = PBXResourcesBuildPhase;
			buildActionMask = 2147483647;
			files = (
			);
			runOnlyForDeploymentPostprocessing = 0;
		};
/* End PBXResourcesBuildPhase section */

/* Begin PBXSourcesBuildPhase section */
		507939072062685D0018D3B0 /* Sources */ = {
			isa = PBXSourcesBuildPhase;
			buildActionMask = 2147483647;
			files = (
				5079390F2062685D0018D3B0 /* AppDelegate.swift in Sources */,
				5096AD36206271A700BA7DC0 /* MainCollectionViewController.swift in Sources */,
				5079394120626D490018D3B0 /* CollectionViewCell.swift in Sources */,
			);
			runOnlyForDeploymentPostprocessing = 0;
		};
		5079391B2062685D0018D3B0 /* Sources */ = {
			isa = PBXSourcesBuildPhase;
			buildActionMask = 2147483647;
			files = (
				507939242062685D0018D3B0 /* CollectionView_Without_VIewControllerTests.swift in Sources */,
			);
			runOnlyForDeploymentPostprocessing = 0;
		};
		507939262062685D0018D3B0 /* Sources */ = {
			isa = PBXSourcesBuildPhase;
			buildActionMask = 2147483647;
			files = (
				5079392F2062685D0018D3B0 /* CollectionView_Without_VIewControllerUITests.swift in Sources */,
			);
			runOnlyForDeploymentPostprocessing = 0;
		};
/* End PBXSourcesBuildPhase section */

/* Begin PBXTargetDependency section */
		507939212062685D0018D3B0 /* PBXTargetDependency */ = {
			isa = PBXTargetDependency;
			target = 5079390A2062685D0018D3B0 /* CollectionView Without VIewController */;
			targetProxy = 507939202062685D0018D3B0 /* PBXContainerItemProxy */;
		};
		5079392C2062685D0018D3B0 /* PBXTargetDependency */ = {
			isa = PBXTargetDependency;
			target = 5079390A2062685D0018D3B0 /* CollectionView Without VIewController */;
			targetProxy = 5079392B2062685D0018D3B0 /* PBXContainerItemProxy */;
		};
/* End PBXTargetDependency section */

/* Begin PBXVariantGroup section */
		507939122062685D0018D3B0 /* Main.storyboard */ = {
			isa = PBXVariantGroup;
			children = (
				507939132062685D0018D3B0 /* Base */,
			);
			name = Main.storyboard;
			sourceTree = "<group>";
		};
		507939172062685D0018D3B0 /* LaunchScreen.storyboard */ = {
			isa = PBXVariantGroup;
			children = (
				507939182062685D0018D3B0 /* Base */,
			);
			name = LaunchScreen.storyboard;
			sourceTree = "<group>";
		};
/* End PBXVariantGroup section */

/* Begin XCBuildConfiguration section */
		507939312062685D0018D3B0 /* Debug */ = {
			isa = XCBuildConfiguration;
			buildSettings = {
				ALWAYS_SEARCH_USER_PATHS = NO;
				CLANG_ANALYZER_NONNULL = YES;
				CLANG_ANALYZER_NUMBER_OBJECT_CONVERSION = YES_AGGRESSIVE;
				CLANG_CXX_LANGUAGE_STANDARD = "gnu++14";
				CLANG_CXX_LIBRARY = "libc++";
				CLANG_ENABLE_MODULES = YES;
				CLANG_ENABLE_OBJC_ARC = YES;
				CLANG_WARN_BLOCK_CAPTURE_AUTORELEASING = YES;
				CLANG_WARN_BOOL_CONVERSION = YES;
				CLANG_WARN_COMMA = YES;
				CLANG_WARN_CONSTANT_CONVERSION = YES;
				CLANG_WARN_DIRECT_OBJC_ISA_USAGE = YES_ERROR;
				CLANG_WARN_DOCUMENTATION_COMMENTS = YES;
				CLANG_WARN_EMPTY_BODY = YES;
				CLANG_WARN_ENUM_CONVERSION = YES;
				CLANG_WARN_INFINITE_RECURSION = YES;
				CLANG_WARN_INT_CONVERSION = YES;
				CLANG_WARN_NON_LITERAL_NULL_CONVERSION = YES;
				CLANG_WARN_OBJC_LITERAL_CONVERSION = YES;
				CLANG_WARN_OBJC_ROOT_CLASS = YES_ERROR;
				CLANG_WARN_RANGE_LOOP_ANALYSIS = YES;
				CLANG_WARN_STRICT_PROTOTYPES = YES;
				CLANG_WARN_SUSPICIOUS_MOVE = YES;
				CLANG_WARN_UNGUARDED_AVAILABILITY = YES_AGGRESSIVE;
				CLANG_WARN_UNREACHABLE_CODE = YES;
				CLANG_WARN__DUPLICATE_METHOD_MATCH = YES;
				CODE_SIGN_IDENTITY = "iPhone Developer";
				COPY_PHASE_STRIP = NO;
				DEBUG_INFORMATION_FORMAT = dwarf;
				ENABLE_STRICT_OBJC_MSGSEND = YES;
				ENABLE_TESTABILITY = YES;
				GCC_C_LANGUAGE_STANDARD = gnu11;
				GCC_DYNAMIC_NO_PIC = NO;
				GCC_NO_COMMON_BLOCKS = YES;
				GCC_OPTIMIZATION_LEVEL = 0;
				GCC_PREPROCESSOR_DEFINITIONS = (
					"DEBUG=1",
					"$(inherited)",
				);
				GCC_WARN_64_TO_32_BIT_CONVERSION = YES;
				GCC_WARN_ABOUT_RETURN_TYPE = YES_ERROR;
				GCC_WARN_UNDECLARED_SELECTOR = YES;
				GCC_WARN_UNINITIALIZED_AUTOS = YES_AGGRESSIVE;
				GCC_WARN_UNUSED_FUNCTION = YES;
				GCC_WARN_UNUSED_VARIABLE = YES;
				IPHONEOS_DEPLOYMENT_TARGET = 11.1;
				MTL_ENABLE_DEBUG_INFO = YES;
				ONLY_ACTIVE_ARCH = YES;
				SDKROOT = iphoneos;
				SWIFT_ACTIVE_COMPILATION_CONDITIONS = DEBUG;
				SWIFT_OPTIMIZATION_LEVEL = "-Onone";
			};
			name = Debug;
		};
		507939322062685D0018D3B0 /* Release */ = {
			isa = XCBuildConfiguration;
			buildSettings = {
				ALWAYS_SEARCH_USER_PATHS = NO;
				CLANG_ANALYZER_NONNULL = YES;
				CLANG_ANALYZER_NUMBER_OBJECT_CONVERSION = YES_AGGRESSIVE;
				CLANG_CXX_LANGUAGE_STANDARD = "gnu++14";
				CLANG_CXX_LIBRARY = "libc++";
				CLANG_ENABLE_MODULES = YES;
				CLANG_ENABLE_OBJC_ARC = YES;
				CLANG_WARN_BLOCK_CAPTURE_AUTORELEASING = YES;
				CLANG_WARN_BOOL_CONVERSION = YES;
				CLANG_WARN_COMMA = YES;
				CLANG_WARN_CONSTANT_CONVERSION = YES;
				CLANG_WARN_DIRECT_OBJC_ISA_USAGE = YES_ERROR;
				CLANG_WARN_DOCUMENTATION_COMMENTS = YES;
				CLANG_WARN_EMPTY_BODY = YES;
				CLANG_WARN_ENUM_CONVERSION = YES;
				CLANG_WARN_INFINITE_RECURSION = YES;
				CLANG_WARN_INT_CONVERSION = YES;
				CLANG_WARN_NON_LITERAL_NULL_CONVERSION = YES;
				CLANG_WARN_OBJC_LITERAL_CONVERSION = YES;
				CLANG_WARN_OBJC_ROOT_CLASS = YES_ERROR;
				CLANG_WARN_RANGE_LOOP_ANALYSIS = YES;
				CLANG_WARN_STRICT_PROTOTYPES = YES;
				CLANG_WARN_SUSPICIOUS_MOVE = YES;
				CLANG_WARN_UNGUARDED_AVAILABILITY = YES_AGGRESSIVE;
				CLANG_WARN_UNREACHABLE_CODE = YES;
				CLANG_WARN__DUPLICATE_METHOD_MATCH = YES;
				CODE_SIGN_IDENTITY = "iPhone Developer";
				COPY_PHASE_STRIP = NO;
				DEBUG_INFORMATION_FORMAT = "dwarf-with-dsym";
				ENABLE_NS_ASSERTIONS = NO;
				ENABLE_STRICT_OBJC_MSGSEND = YES;
				GCC_C_LANGUAGE_STANDARD = gnu11;
				GCC_NO_COMMON_BLOCKS = YES;
				GCC_WARN_64_TO_32_BIT_CONVERSION = YES;
				GCC_WARN_ABOUT_RETURN_TYPE = YES_ERROR;
				GCC_WARN_UNDECLARED_SELECTOR = YES;
				GCC_WARN_UNINITIALIZED_AUTOS = YES_AGGRESSIVE;
				GCC_WARN_UNUSED_FUNCTION = YES;
				GCC_WARN_UNUSED_VARIABLE = YES;
				IPHONEOS_DEPLOYMENT_TARGET = 11.1;
				MTL_ENABLE_DEBUG_INFO = NO;
				SDKROOT = iphoneos;
				SWIFT_OPTIMIZATION_LEVEL = "-Owholemodule";
				VALIDATE_PRODUCT = YES;
			};
			name = Release;
		};
		507939342062685D0018D3B0 /* Debug */ = {
			isa = XCBuildConfiguration;
			buildSettings = {
				ASSETCATALOG_COMPILER_APPICON_NAME = AppIcon;
				CODE_SIGN_STYLE = Automatic;
				INFOPLIST_FILE = "CollectionView Without VIewController/Info.plist";
				LD_RUNPATH_SEARCH_PATHS = "$(inherited) @executable_path/Frameworks";
				PRODUCT_BUNDLE_IDENTIFIER = "com.realLabz.CollectionView-Without-VIewController";
				PRODUCT_NAME = "$(TARGET_NAME)";
				SWIFT_VERSION = 4.0;
				TARGETED_DEVICE_FAMILY = "1,2";
			};
			name = Debug;
		};
		507939352062685D0018D3B0 /* Release */ = {
			isa = XCBuildConfiguration;
			buildSettings = {
				ASSETCATALOG_COMPILER_APPICON_NAME = AppIcon;
				CODE_SIGN_STYLE = Automatic;
				INFOPLIST_FILE = "CollectionView Without VIewController/Info.plist";
				LD_RUNPATH_SEARCH_PATHS = "$(inherited) @executable_path/Frameworks";
				PRODUCT_BUNDLE_IDENTIFIER = "com.realLabz.CollectionView-Without-VIewController";
				PRODUCT_NAME = "$(TARGET_NAME)";
				SWIFT_VERSION = 4.0;
				TARGETED_DEVICE_FAMILY = "1,2";
			};
			name = Release;
		};
		507939372062685D0018D3B0 /* Debug */ = {
			isa = XCBuildConfiguration;
			buildSettings = {
				ALWAYS_EMBED_SWIFT_STANDARD_LIBRARIES = YES;
				BUNDLE_LOADER = "$(TEST_HOST)";
				CODE_SIGN_STYLE = Automatic;
				INFOPLIST_FILE = "CollectionView Without VIewControllerTests/Info.plist";
				LD_RUNPATH_SEARCH_PATHS = "$(inherited) @executable_path/Frameworks @loader_path/Frameworks";
				PRODUCT_BUNDLE_IDENTIFIER = "com.realLabz.CollectionView-Without-VIewControllerTests";
				PRODUCT_NAME = "$(TARGET_NAME)";
				SWIFT_VERSION = 4.0;
				TARGETED_DEVICE_FAMILY = "1,2";
				TEST_HOST = "$(BUILT_PRODUCTS_DIR)/CollectionView Without VIewController.app/CollectionView Without VIewController";
			};
			name = Debug;
		};
		507939382062685D0018D3B0 /* Release */ = {
			isa = XCBuildConfiguration;
			buildSettings = {
				ALWAYS_EMBED_SWIFT_STANDARD_LIBRARIES = YES;
				BUNDLE_LOADER = "$(TEST_HOST)";
				CODE_SIGN_STYLE = Automatic;
				INFOPLIST_FILE = "CollectionView Without VIewControllerTests/Info.plist";
				LD_RUNPATH_SEARCH_PATHS = "$(inherited) @executable_path/Frameworks @loader_path/Frameworks";
				PRODUCT_BUNDLE_IDENTIFIER = "com.realLabz.CollectionView-Without-VIewControllerTests";
				PRODUCT_NAME = "$(TARGET_NAME)";
				SWIFT_VERSION = 4.0;
				TARGETED_DEVICE_FAMILY = "1,2";
				TEST_HOST = "$(BUILT_PRODUCTS_DIR)/CollectionView Without VIewController.app/CollectionView Without VIewController";
			};
			name = Release;
		};
		5079393A2062685D0018D3B0 /* Debug */ = {
			isa = XCBuildConfiguration;
			buildSettings = {
				ALWAYS_EMBED_SWIFT_STANDARD_LIBRARIES = YES;
				CODE_SIGN_STYLE = Automatic;
				INFOPLIST_FILE = "CollectionView Without VIewControllerUITests/Info.plist";
				LD_RUNPATH_SEARCH_PATHS = "$(inherited) @executable_path/Frameworks @loader_path/Frameworks";
				PRODUCT_BUNDLE_IDENTIFIER = "com.realLabz.CollectionView-Without-VIewControllerUITests";
				PRODUCT_NAME = "$(TARGET_NAME)";
				SWIFT_VERSION = 4.0;
				TARGETED_DEVICE_FAMILY = "1,2";
				TEST_TARGET_NAME = "CollectionView Without VIewController";
			};
			name = Debug;
		};
		5079393B2062685D0018D3B0 /* Release */ = {
			isa = XCBuildConfiguration;
			buildSettings = {
				ALWAYS_EMBED_SWIFT_STANDARD_LIBRARIES = YES;
				CODE_SIGN_STYLE = Automatic;
				INFOPLIST_FILE = "CollectionView Without VIewControllerUITests/Info.plist";
				LD_RUNPATH_SEARCH_PATHS = "$(inherited) @executable_path/Frameworks @loader_path/Frameworks";
				PRODUCT_BUNDLE_IDENTIFIER = "com.realLabz.CollectionView-Without-VIewControllerUITests";
				PRODUCT_NAME = "$(TARGET_NAME)";
				SWIFT_VERSION = 4.0;
				TARGETED_DEVICE_FAMILY = "1,2";
				TEST_TARGET_NAME = "CollectionView Without VIewController";
			};
			name = Release;
		};
/* End XCBuildConfiguration section */

/* Begin XCConfigurationList section */
		507939062062685D0018D3B0 /* Build configuration list for PBXProject "CollectionView Without VIewController" */ = {
			isa = XCConfigurationList;
			buildConfigurations = (
				507939312062685D0018D3B0 /* Debug */,
				507939322062685D0018D3B0 /* Release */,
			);
			defaultConfigurationIsVisible = 0;
			defaultConfigurationName = Release;
		};
		507939332062685D0018D3B0 /* Build configuration list for PBXNativeTarget "CollectionView Without VIewController" */ = {
			isa = XCConfigurationList;
			buildConfigurations = (
				507939342062685D0018D3B0 /* Debug */,
				507939352062685D0018D3B0 /* Release */,
			);
			defaultConfigurationIsVisible = 0;
			defaultConfigurationName = Release;
		};
		507939362062685D0018D3B0 /* Build configuration list for PBXNativeTarget "CollectionView Without VIewControllerTests" */ = {
			isa = XCConfigurationList;
			buildConfigurations = (
				507939372062685D0018D3B0 /* Debug */,
				507939382062685D0018D3B0 /* Release */,
			);
			defaultConfigurationIsVisible = 0;
			defaultConfigurationName = Release;
		};
		507939392062685D0018D3B0 /* Build configuration list for PBXNativeTarget "CollectionView Without VIewControllerUITests" */ = {
			isa = XCConfigurationList;
			buildConfigurations = (
				5079393A2062685D0018D3B0 /* Debug */,
				5079393B2062685D0018D3B0 /* Release */,
			);
			defaultConfigurationIsVisible = 0;
			defaultConfigurationName = Release;
		};
/* End XCConfigurationList section */
	};
	rootObject = 507939032062685D0018D3B0 /* Project object */;
}
