// !$*UTF8*$!
{
	archiveVersion = 1;
	classes = {
	};
	objectVersion = 48;
	objects = {

/* Begin PBXBuildFile section */
		50C5565D20565A9800D4B8D7 /* AppDelegate.swift in Sources */ = {isa = PBXBuildFile; fileRef = 50C5565C20565A9800D4B8D7 /* AppDelegate.swift */; };
		50C5565F20565A9800D4B8D7 /* ViewController.swift in Sources */ = {isa = PBXBuildFile; fileRef = 50C5565E20565A9800D4B8D7 /* ViewController.swift */; };
		50C5566220565A9800D4B8D7 /* Main.storyboard in Resources */ = {isa = PBXBuildFile; fileRef = 50C5566020565A9800D4B8D7 /* Main.storyboard */; };
		50C5566420565A9800D4B8D7 /* Assets.xcassets in Resources */ = {isa = PBXBuildFile; fileRef = 50C5566320565A9800D4B8D7 /* Assets.xcassets */; };
		50C5566720565A9800D4B8D7 /* LaunchScreen.storyboard in Resources */ = {isa = PBXBuildFile; fileRef = 50C5566520565A9800D4B8D7 /* LaunchScreen.storyboard */; };
		50C5567220565A9800D4B8D7 /* Timer_Tests.swift in Sources */ = {isa = PBXBuildFile; fileRef = 50C5567120565A9800D4B8D7 /* Timer_Tests.swift */; };
		50C5567D20565A9800D4B8D7 /* Timer_UITests.swift in Sources */ = {isa = PBXBuildFile; fileRef = 50C5567C20565A9800D4B8D7 /* Timer_UITests.swift */; };
/* End PBXBuildFile section */

/* Begin PBXContainerItemProxy section */
		50C5566E20565A9800D4B8D7 /* PBXContainerItemProxy */ = {
			isa = PBXContainerItemProxy;
			containerPortal = 50C5565120565A9800D4B8D7 /* Project object */;
			proxyType = 1;
			remoteGlobalIDString = 50C5565820565A9800D4B8D7;
			remoteInfo = Timer_;
		};
		50C5567920565A9800D4B8D7 /* PBXContainerItemProxy */ = {
			isa = PBXContainerItemProxy;
			containerPortal = 50C5565120565A9800D4B8D7 /* Project object */;
			proxyType = 1;
			remoteGlobalIDString = 50C5565820565A9800D4B8D7;
			remoteInfo = Timer_;
		};
/* End PBXContainerItemProxy section */

/* Begin PBXFileReference section */
		50C5565920565A9800D4B8D7 /* Timer_.app */ = {isa = PBXFileReference; explicitFileType = wrapper.application; includeInIndex = 0; path = Timer_.app; sourceTree = BUILT_PRODUCTS_DIR; };
		50C5565C20565A9800D4B8D7 /* AppDelegate.swift */ = {isa = PBXFileReference; lastKnownFileType = sourcecode.swift; path = AppDelegate.swift; sourceTree = "<group>"; };
		50C5565E20565A9800D4B8D7 /* ViewController.swift */ = {isa = PBXFileReference; lastKnownFileType = sourcecode.swift; path = ViewController.swift; sourceTree = "<group>"; };
		50C5566120565A9800D4B8D7 /* Base */ = {isa = PBXFileReference; lastKnownFileType = file.storyboard; name = Base; path = Base.lproj/Main.storyboard; sourceTree = "<group>"; };
		50C5566320565A9800D4B8D7 /* Assets.xcassets */ = {isa = PBXFileReference; lastKnownFileType = folder.assetcatalog; path = Assets.xcassets; sourceTree = "<group>"; };
		50C5566620565A9800D4B8D7 /* Base */ = {isa = PBXFileReference; lastKnownFileType = file.storyboard; name = Base; path = Base.lproj/LaunchScreen.storyboard; sourceTree = "<group>"; };
		50C5566820565A9800D4B8D7 /* Info.plist */ = {isa = PBXFileReference; lastKnownFileType = text.plist.xml; path = Info.plist; sourceTree = "<group>"; };
		50C5566D20565A9800D4B8D7 /* Timer_Tests.xctest */ = {isa = PBXFileReference; explicitFileType = wrapper.cfbundle; includeInIndex = 0; path = Timer_Tests.xctest; sourceTree = BUILT_PRODUCTS_DIR; };
		50C5567120565A9800D4B8D7 /* Timer_Tests.swift */ = {isa = PBXFileReference; lastKnownFileType = sourcecode.swift; path = Timer_Tests.swift; sourceTree = "<group>"; };
		50C5567320565A9800D4B8D7 /* Info.plist */ = {isa = PBXFileReference; lastKnownFileType = text.plist.xml; path = Info.plist; sourceTree = "<group>"; };
		50C5567820565A9800D4B8D7 /* Timer_UITests.xctest */ = {isa = PBXFileReference; explicitFileType = wrapper.cfbundle; includeInIndex = 0; path = Timer_UITests.xctest; sourceTree = BUILT_PRODUCTS_DIR; };
		50C5567C20565A9800D4B8D7 /* Timer_UITests.swift */ = {isa = PBXFileReference; lastKnownFileType = sourcecode.swift; path = Timer_UITests.swift; sourceTree = "<group>"; };
		50C5567E20565A9800D4B8D7 /* Info.plist */ = {isa = PBXFileReference; lastKnownFileType = text.plist.xml; path = Info.plist; sourceTree = "<group>"; };
/* End PBXFileReference section */

/* Begin PBXFrameworksBuildPhase section */
		50C5565620565A9800D4B8D7 /* Frameworks */ = {
			isa = PBXFrameworksBuildPhase;
			buildActionMask = 2147483647;
			files = (
			);
			runOnlyForDeploymentPostprocessing = 0;
		};
		50C5566A20565A9800D4B8D7 /* Frameworks */ = {
			isa = PBXFrameworksBuildPhase;
			buildActionMask = 2147483647;
			files = (
			);
			runOnlyForDeploymentPostprocessing = 0;
		};
		50C5567520565A9800D4B8D7 /* Frameworks */ = {
			isa = PBXFrameworksBuildPhase;
			buildActionMask = 2147483647;
			files = (
			);
			runOnlyForDeploymentPostprocessing = 0;
		};
/* End PBXFrameworksBuildPhase section */

/* Begin PBXGroup section */
		50C5565020565A9800D4B8D7 = {
			isa = PBXGroup;
			children = (
				50C5565B20565A9800D4B8D7 /* Timer_ */,
				50C5567020565A9800D4B8D7 /* Timer_Tests */,
				50C5567B20565A9800D4B8D7 /* Timer_UITests */,
				50C5565A20565A9800D4B8D7 /* Products */,
			);
			sourceTree = "<group>";
		};
		50C5565A20565A9800D4B8D7 /* Products */ = {
			isa = PBXGroup;
			children = (
				50C5565920565A9800D4B8D7 /* Timer_.app */,
				50C5566D20565A9800D4B8D7 /* Timer_Tests.xctest */,
				50C5567820565A9800D4B8D7 /* Timer_UITests.xctest */,
			);
			name = Products;
			sourceTree = "<group>";
		};
		50C5565B20565A9800D4B8D7 /* Timer_ */ = {
			isa = PBXGroup;
			children = (
				50C5565C20565A9800D4B8D7 /* AppDelegate.swift */,
				50C5565E20565A9800D4B8D7 /* ViewController.swift */,
				50C5566020565A9800D4B8D7 /* Main.storyboard */,
				50C5566320565A9800D4B8D7 /* Assets.xcassets */,
				50C5566520565A9800D4B8D7 /* LaunchScreen.storyboard */,
				50C5566820565A9800D4B8D7 /* Info.plist */,
			);
			path = Timer_;
			sourceTree = "<group>";
		};
		50C5567020565A9800D4B8D7 /* Timer_Tests */ = {
			isa = PBXGroup;
			children = (
				50C5567120565A9800D4B8D7 /* Timer_Tests.swift */,
				50C5567320565A9800D4B8D7 /* Info.plist */,
			);
			path = Timer_Tests;
			sourceTree = "<group>";
		};
		50C5567B20565A9800D4B8D7 /* Timer_UITests */ = {
			isa = PBXGroup;
			children = (
				50C5567C20565A9800D4B8D7 /* Timer_UITests.swift */,
				50C5567E20565A9800D4B8D7 /* Info.plist */,
			);
			path = Timer_UITests;
			sourceTree = "<group>";
		};
/* End PBXGroup section */

/* Begin PBXNativeTarget section */
		50C5565820565A9800D4B8D7 /* Timer_ */ = {
			isa = PBXNativeTarget;
			buildConfigurationList = 50C5568120565A9800D4B8D7 /* Build configuration list for PBXNativeTarget "Timer_" */;
			buildPhases = (
				50C5565520565A9800D4B8D7 /* Sources */,
				50C5565620565A9800D4B8D7 /* Frameworks */,
				50C5565720565A9800D4B8D7 /* Resources */,
			);
			buildRules = (
			);
			dependencies = (
			);
			name = Timer_;
			productName = Timer_;
			productReference = 50C5565920565A9800D4B8D7 /* Timer_.app */;
			productType = "com.apple.product-type.application";
		};
		50C5566C20565A9800D4B8D7 /* Timer_Tests */ = {
			isa = PBXNativeTarget;
			buildConfigurationList = 50C5568420565A9800D4B8D7 /* Build configuration list for PBXNativeTarget "Timer_Tests" */;
			buildPhases = (
				50C5566920565A9800D4B8D7 /* Sources */,
				50C5566A20565A9800D4B8D7 /* Frameworks */,
				50C5566B20565A9800D4B8D7 /* Resources */,
			);
			buildRules = (
			);
			dependencies = (
				50C5566F20565A9800D4B8D7 /* PBXTargetDependency */,
			);
			name = Timer_Tests;
			productName = Timer_Tests;
			productReference = 50C5566D20565A9800D4B8D7 /* Timer_Tests.xctest */;
			productType = "com.apple.product-type.bundle.unit-test";
		};
		50C5567720565A9800D4B8D7 /* Timer_UITests */ = {
			isa = PBXNativeTarget;
			buildConfigurationList = 50C5568720565A9800D4B8D7 /* Build configuration list for PBXNativeTarget "Timer_UITests" */;
			buildPhases = (
				50C5567420565A9800D4B8D7 /* Sources */,
				50C5567520565A9800D4B8D7 /* Frameworks */,
				50C5567620565A9800D4B8D7 /* Resources */,
			);
			buildRules = (
			);
			dependencies = (
				50C5567A20565A9800D4B8D7 /* PBXTargetDependency */,
			);
			name = Timer_UITests;
			productName = Timer_UITests;
			productReference = 50C5567820565A9800D4B8D7 /* Timer_UITests.xctest */;
			productType = "com.apple.product-type.bundle.ui-testing";
		};
/* End PBXNativeTarget section */

/* Begin PBXProject section */
		50C5565120565A9800D4B8D7 /* Project object */ = {
			isa = PBXProject;
			attributes = {
				LastSwiftUpdateCheck = 0910;
				LastUpgradeCheck = 0910;
				ORGANIZATIONNAME = Rk;
				TargetAttributes = {
					50C5565820565A9800D4B8D7 = {
						CreatedOnToolsVersion = 9.1;
						ProvisioningStyle = Automatic;
					};
					50C5566C20565A9800D4B8D7 = {
						CreatedOnToolsVersion = 9.1;
						ProvisioningStyle = Automatic;
						TestTargetID = 50C5565820565A9800D4B8D7;
					};
					50C5567720565A9800D4B8D7 = {
						CreatedOnToolsVersion = 9.1;
						ProvisioningStyle = Automatic;
						TestTargetID = 50C5565820565A9800D4B8D7;
					};
				};
			};
			buildConfigurationList = 50C5565420565A9800D4B8D7 /* Build configuration list for PBXProject "Timer_" */;
			compatibilityVersion = "Xcode 8.0";
			developmentRegion = en;
			hasScannedForEncodings = 0;
			knownRegions = (
				en,
				Base,
			);
			mainGroup = 50C5565020565A9800D4B8D7;
			productRefGroup = 50C5565A20565A9800D4B8D7 /* Products */;
			projectDirPath = "";
			projectRoot = "";
			targets = (
				50C5565820565A9800D4B8D7 /* Timer_ */,
				50C5566C20565A9800D4B8D7 /* Timer_Tests */,
				50C5567720565A9800D4B8D7 /* Timer_UITests */,
			);
		};
/* End PBXProject section */

/* Begin PBXResourcesBuildPhase section */
		50C5565720565A9800D4B8D7 /* Resources */ = {
			isa = PBXResourcesBuildPhase;
			buildActionMask = 2147483647;
			files = (
				50C5566720565A9800D4B8D7 /* LaunchScreen.storyboard in Resources */,
				50C5566420565A9800D4B8D7 /* Assets.xcassets in Resources */,
				50C5566220565A9800D4B8D7 /* Main.storyboard in Resources */,
			);
			runOnlyForDeploymentPostprocessing = 0;
		};
		50C5566B20565A9800D4B8D7 /* Resources */ = {
			isa = PBXResourcesBuildPhase;
			buildActionMask = 2147483647;
			files = (
			);
			runOnlyForDeploymentPostprocessing = 0;
		};
		50C5567620565A9800D4B8D7 /* Resources */ = {
			isa = PBXResourcesBuildPhase;
			buildActionMask = 2147483647;
			files = (
			);
			runOnlyForDeploymentPostprocessing = 0;
		};
/* End PBXResourcesBuildPhase section */

/* Begin PBXSourcesBuildPhase section */
		50C5565520565A9800D4B8D7 /* Sources */ = {
			isa = PBXSourcesBuildPhase;
			buildActionMask = 2147483647;
			files = (
				50C5565F20565A9800D4B8D7 /* ViewController.swift in Sources */,
				50C5565D20565A9800D4B8D7 /* AppDelegate.swift in Sources */,
			);
			runOnlyForDeploymentPostprocessing = 0;
		};
		50C5566920565A9800D4B8D7 /* Sources */ = {
			isa = PBXSourcesBuildPhase;
			buildActionMask = 2147483647;
			files = (
				50C5567220565A9800D4B8D7 /* Timer_Tests.swift in Sources */,
			);
			runOnlyForDeploymentPostprocessing = 0;
		};
		50C5567420565A9800D4B8D7 /* Sources */ = {
			isa = PBXSourcesBuildPhase;
			buildActionMask = 2147483647;
			files = (
				50C5567D20565A9800D4B8D7 /* Timer_UITests.swift in Sources */,
			);
			runOnlyForDeploymentPostprocessing = 0;
		};
/* End PBXSourcesBuildPhase section */

/* Begin PBXTargetDependency section */
		50C5566F20565A9800D4B8D7 /* PBXTargetDependency */ = {
			isa = PBXTargetDependency;
			target = 50C5565820565A9800D4B8D7 /* Timer_ */;
			targetProxy = 50C5566E20565A9800D4B8D7 /* PBXContainerItemProxy */;
		};
		50C5567A20565A9800D4B8D7 /* PBXTargetDependency */ = {
			isa = PBXTargetDependency;
			target = 50C5565820565A9800D4B8D7 /* Timer_ */;
			targetProxy = 50C5567920565A9800D4B8D7 /* PBXContainerItemProxy */;
		};
/* End PBXTargetDependency section */

/* Begin PBXVariantGroup section */
		50C5566020565A9800D4B8D7 /* Main.storyboard */ = {
			isa = PBXVariantGroup;
			children = (
				50C5566120565A9800D4B8D7 /* Base */,
			);
			name = Main.storyboard;
			sourceTree = "<group>";
		};
		50C5566520565A9800D4B8D7 /* LaunchScreen.storyboard */ = {
			isa = PBXVariantGroup;
			children = (
				50C5566620565A9800D4B8D7 /* Base */,
			);
			name = LaunchScreen.storyboard;
			sourceTree = "<group>";
		};
/* End PBXVariantGroup section */

/* Begin XCBuildConfiguration section */
		50C5567F20565A9800D4B8D7 /* Debug */ = {
			isa = XCBuildConfiguration;
			buildSettings = {
				ALWAYS_SEARCH_USER_PATHS = NO;
				CLANG_ANALYZER_NONNULL = YES;
				CLANG_ANALYZER_NUMBER_OBJECT_CONVERSION = YES_AGGRESSIVE;
				CLANG_CXX_LANGUAGE_STANDARD = "gnu++14";
				CLANG_CXX_LIBRARY = "libc++";
				CLANG_ENABLE_MODULES = YES;
				CLANG_ENABLE_OBJC_ARC = YES;
				CLANG_WARN_BLOCK_CAPTURE_AUTORELEASING = YES;
				CLANG_WARN_BOOL_CONVERSION = YES;
				CLANG_WARN_COMMA = YES;
				CLANG_WARN_CONSTANT_CONVERSION = YES;
				CLANG_WARN_DIRECT_OBJC_ISA_USAGE = YES_ERROR;
				CLANG_WARN_DOCUMENTATION_COMMENTS = YES;
				CLANG_WARN_EMPTY_BODY = YES;
				CLANG_WARN_ENUM_CONVERSION = YES;
				CLANG_WARN_INFINITE_RECURSION = YES;
				CLANG_WARN_INT_CONVERSION = YES;
				CLANG_WARN_NON_LITERAL_NULL_CONVERSION = YES;
				CLANG_WARN_OBJC_LITERAL_CONVERSION = YES;
				CLANG_WARN_OBJC_ROOT_CLASS = YES_ERROR;
				CLANG_WARN_RANGE_LOOP_ANALYSIS = YES;
				CLANG_WARN_STRICT_PROTOTYPES = YES;
				CLANG_WARN_SUSPICIOUS_MOVE = YES;
				CLANG_WARN_UNGUARDED_AVAILABILITY = YES_AGGRESSIVE;
				CLANG_WARN_UNREACHABLE_CODE = YES;
				CLANG_WARN__DUPLICATE_METHOD_MATCH = YES;
				CODE_SIGN_IDENTITY = "iPhone Developer";
				COPY_PHASE_STRIP = NO;
				DEBUG_INFORMATION_FORMAT = dwarf;
				ENABLE_STRICT_OBJC_MSGSEND = YES;
				ENABLE_TESTABILITY = YES;
				GCC_C_LANGUAGE_STANDARD = gnu11;
				GCC_DYNAMIC_NO_PIC = NO;
				GCC_NO_COMMON_BLOCKS = YES;
				GCC_OPTIMIZATION_LEVEL = 0;
				GCC_PREPROCESSOR_DEFINITIONS = (
					"DEBUG=1",
					"$(inherited)",
				);
				GCC_WARN_64_TO_32_BIT_CONVERSION = YES;
				GCC_WARN_ABOUT_RETURN_TYPE = YES_ERROR;
				GCC_WARN_UNDECLARED_SELECTOR = YES;
				GCC_WARN_UNINITIALIZED_AUTOS = YES_AGGRESSIVE;
				GCC_WARN_UNUSED_FUNCTION = YES;
				GCC_WARN_UNUSED_VARIABLE = YES;
				IPHONEOS_DEPLOYMENT_TARGET = 11.1;
				MTL_ENABLE_DEBUG_INFO = YES;
				ONLY_ACTIVE_ARCH = YES;
				SDKROOT = iphoneos;
				SWIFT_ACTIVE_COMPILATION_CONDITIONS = DEBUG;
				SWIFT_OPTIMIZATION_LEVEL = "-Onone";
			};
			name = Debug;
		};
		50C5568020565A9800D4B8D7 /* Release */ = {
			isa = XCBuildConfiguration;
			buildSettings = {
				ALWAYS_SEARCH_USER_PATHS = NO;
				CLANG_ANALYZER_NONNULL = YES;
				CLANG_ANALYZER_NUMBER_OBJECT_CONVERSION = YES_AGGRESSIVE;
				CLANG_CXX_LANGUAGE_STANDARD = "gnu++14";
				CLANG_CXX_LIBRARY = "libc++";
				CLANG_ENABLE_MODULES = YES;
				CLANG_ENABLE_OBJC_ARC = YES;
				CLANG_WARN_BLOCK_CAPTURE_AUTORELEASING = YES;
				CLANG_WARN_BOOL_CONVERSION = YES;
				CLANG_WARN_COMMA = YES;
				CLANG_WARN_CONSTANT_CONVERSION = YES;
				CLANG_WARN_DIRECT_OBJC_ISA_USAGE = YES_ERROR;
				CLANG_WARN_DOCUMENTATION_COMMENTS = YES;
				CLANG_WARN_EMPTY_BODY = YES;
				CLANG_WARN_ENUM_CONVERSION = YES;
				CLANG_WARN_INFINITE_RECURSION = YES;
				CLANG_WARN_INT_CONVERSION = YES;
				CLANG_WARN_NON_LITERAL_NULL_CONVERSION = YES;
				CLANG_WARN_OBJC_LITERAL_CONVERSION = YES;
				CLANG_WARN_OBJC_ROOT_CLASS = YES_ERROR;
				CLANG_WARN_RANGE_LOOP_ANALYSIS = YES;
				CLANG_WARN_STRICT_PROTOTYPES = YES;
				CLANG_WARN_SUSPICIOUS_MOVE = YES;
				CLANG_WARN_UNGUARDED_AVAILABILITY = YES_AGGRESSIVE;
				CLANG_WARN_UNREACHABLE_CODE = YES;
				CLANG_WARN__DUPLICATE_METHOD_MATCH = YES;
				CODE_SIGN_IDENTITY = "iPhone Developer";
				COPY_PHASE_STRIP = NO;
				DEBUG_INFORMATION_FORMAT = "dwarf-with-dsym";
				ENABLE_NS_ASSERTIONS = NO;
				ENABLE_STRICT_OBJC_MSGSEND = YES;
				GCC_C_LANGUAGE_STANDARD = gnu11;
				GCC_NO_COMMON_BLOCKS = YES;
				GCC_WARN_64_TO_32_BIT_CONVERSION = YES;
				GCC_WARN_ABOUT_RETURN_TYPE = YES_ERROR;
				GCC_WARN_UNDECLARED_SELECTOR = YES;
				GCC_WARN_UNINITIALIZED_AUTOS = YES_AGGRESSIVE;
				GCC_WARN_UNUSED_FUNCTION = YES;
				GCC_WARN_UNUSED_VARIABLE = YES;
				IPHONEOS_DEPLOYMENT_TARGET = 11.1;
				MTL_ENABLE_DEBUG_INFO = NO;
				SDKROOT = iphoneos;
				SWIFT_OPTIMIZATION_LEVEL = "-Owholemodule";
				VALIDATE_PRODUCT = YES;
			};
			name = Release;
		};
		50C5568220565A9800D4B8D7 /* Debug */ = {
			isa = XCBuildConfiguration;
			buildSettings = {
				ASSETCATALOG_COMPILER_APPICON_NAME = AppIcon;
				CODE_SIGN_STYLE = Automatic;
				INFOPLIST_FILE = Timer_/Info.plist;
				LD_RUNPATH_SEARCH_PATHS = "$(inherited) @executable_path/Frameworks";
				PRODUCT_BUNDLE_IDENTIFIER = "com.realLabz.Timer-";
				PRODUCT_NAME = "$(TARGET_NAME)";
				SWIFT_VERSION = 4.0;
				TARGETED_DEVICE_FAMILY = "1,2";
			};
			name = Debug;
		};
		50C5568320565A9800D4B8D7 /* Release */ = {
			isa = XCBuildConfiguration;
			buildSettings = {
				ASSETCATALOG_COMPILER_APPICON_NAME = AppIcon;
				CODE_SIGN_STYLE = Automatic;
				INFOPLIST_FILE = Timer_/Info.plist;
				LD_RUNPATH_SEARCH_PATHS = "$(inherited) @executable_path/Frameworks";
				PRODUCT_BUNDLE_IDENTIFIER = "com.realLabz.Timer-";
				PRODUCT_NAME = "$(TARGET_NAME)";
				SWIFT_VERSION = 4.0;
				TARGETED_DEVICE_FAMILY = "1,2";
			};
			name = Release;
		};
		50C5568520565A9800D4B8D7 /* Debug */ = {
			isa = XCBuildConfiguration;
			buildSettings = {
				ALWAYS_EMBED_SWIFT_STANDARD_LIBRARIES = YES;
				BUNDLE_LOADER = "$(TEST_HOST)";
				CODE_SIGN_STYLE = Automatic;
				INFOPLIST_FILE = Timer_Tests/Info.plist;
				LD_RUNPATH_SEARCH_PATHS = "$(inherited) @executable_path/Frameworks @loader_path/Frameworks";
				PRODUCT_BUNDLE_IDENTIFIER = "com.realLabz.Timer-Tests";
				PRODUCT_NAME = "$(TARGET_NAME)";
				SWIFT_VERSION = 4.0;
				TARGETED_DEVICE_FAMILY = "1,2";
				TEST_HOST = "$(BUILT_PRODUCTS_DIR)/Timer_.app/Timer_";
			};
			name = Debug;
		};
		50C5568620565A9800D4B8D7 /* Release */ = {
			isa = XCBuildConfiguration;
			buildSettings = {
				ALWAYS_EMBED_SWIFT_STANDARD_LIBRARIES = YES;
				BUNDLE_LOADER = "$(TEST_HOST)";
				CODE_SIGN_STYLE = Automatic;
				INFOPLIST_FILE = Timer_Tests/Info.plist;
				LD_RUNPATH_SEARCH_PATHS = "$(inherited) @executable_path/Frameworks @loader_path/Frameworks";
				PRODUCT_BUNDLE_IDENTIFIER = "com.realLabz.Timer-Tests";
				PRODUCT_NAME = "$(TARGET_NAME)";
				SWIFT_VERSION = 4.0;
				TARGETED_DEVICE_FAMILY = "1,2";
				TEST_HOST = "$(BUILT_PRODUCTS_DIR)/Timer_.app/Timer_";
			};
			name = Release;
		};
		50C5568820565A9800D4B8D7 /* Debug */ = {
			isa = XCBuildConfiguration;
			buildSettings = {
				ALWAYS_EMBED_SWIFT_STANDARD_LIBRARIES = YES;
				CODE_SIGN_STYLE = Automatic;
				INFOPLIST_FILE = Timer_UITests/Info.plist;
				LD_RUNPATH_SEARCH_PATHS = "$(inherited) @executable_path/Frameworks @loader_path/Frameworks";
				PRODUCT_BUNDLE_IDENTIFIER = "com.realLabz.Timer-UITests";
				PRODUCT_NAME = "$(TARGET_NAME)";
				SWIFT_VERSION = 4.0;
				TARGETED_DEVICE_FAMILY = "1,2";
				TEST_TARGET_NAME = Timer_;
			};
			name = Debug;
		};
		50C5568920565A9800D4B8D7 /* Release */ = {
			isa = XCBuildConfiguration;
			buildSettings = {
				ALWAYS_EMBED_SWIFT_STANDARD_LIBRARIES = YES;
				CODE_SIGN_STYLE = Automatic;
				INFOPLIST_FILE = Timer_UITests/Info.plist;
				LD_RUNPATH_SEARCH_PATHS = "$(inherited) @executable_path/Frameworks @loader_path/Frameworks";
				PRODUCT_BUNDLE_IDENTIFIER = "com.realLabz.Timer-UITests";
				PRODUCT_NAME = "$(TARGET_NAME)";
				SWIFT_VERSION = 4.0;
				TARGETED_DEVICE_FAMILY = "1,2";
				TEST_TARGET_NAME = Timer_;
			};
			name = Release;
		};
/* End XCBuildConfiguration section */

/* Begin XCConfigurationList section */
		50C5565420565A9800D4B8D7 /* Build configuration list for PBXProject "Timer_" */ = {
			isa = XCConfigurationList;
			buildConfigurations = (
				50C5567F20565A9800D4B8D7 /* Debug */,
				50C5568020565A9800D4B8D7 /* Release */,
			);
			defaultConfigurationIsVisible = 0;
			defaultConfigurationName = Release;
		};
		50C5568120565A9800D4B8D7 /* Build configuration list for PBXNativeTarget "Timer_" */ = {
			isa = XCConfigurationList;
			buildConfigurations = (
				50C5568220565A9800D4B8D7 /* Debug */,
				50C5568320565A9800D4B8D7 /* Release */,
			);
			defaultConfigurationIsVisible = 0;
			defaultConfigurationName = Release;
		};
		50C5568420565A9800D4B8D7 /* Build configuration list for PBXNativeTarget "Timer_Tests" */ = {
			isa = XCConfigurationList;
			buildConfigurations = (
				50C5568520565A9800D4B8D7 /* Debug */,
				50C5568620565A9800D4B8D7 /* Release */,
			);
			defaultConfigurationIsVisible = 0;
			defaultConfigurationName = Release;
		};
		50C5568720565A9800D4B8D7 /* Build configuration list for PBXNativeTarget "Timer_UITests" */ = {
			isa = XCConfigurationList;
			buildConfigurations = (
				50C5568820565A9800D4B8D7 /* Debug */,
				50C5568920565A9800D4B8D7 /* Release */,
			);
			defaultConfigurationIsVisible = 0;
			defaultConfigurationName = Release;
		};
/* End XCConfigurationList section */
	};
	rootObject = 50C5565120565A9800D4B8D7 /* Project object */;
}
